
Microsoft Visual Studio Solution File, Format Version 12.00
# Visual Studio Version 17
VisualStudioVersion = 17.3.32929.385
MinimumVisualStudioVersion = 10.0.40219.1
Project("{FAE04EC0-301F-11D3-BF4B-00C04F79EFBC}") = "Xamarin.Forms.RadialMenu.Android", "Xamarin.Forms.RadialMenu\Xamarin.Forms.RadialMenu.Android\Xamarin.Forms.RadialMenu.Android.csproj", "{6AC54817-D2C3-4E64-A25C-A8A3BDBCAB13}"
EndProject
Project("{FAE04EC0-301F-11D3-BF4B-00C04F79EFBC}") = "Xamarin.Forms.RadialMenu.iOS", "Xamarin.Forms.RadialMenu\Xamarin.Forms.RadialMenu.iOS\Xamarin.Forms.RadialMenu.iOS.csproj", "{F3543572-AD0F-47C7-8CE1-5FA371FFADCA}"
EndProject
Project("{9A19103F-16F7-4668-BE54-9A1E7A4F7556}") = "Xamarin.Forms.RadialMenu", "Xamarin.Forms.RadialMenu\Xamarin.Forms.RadialMenu\Xamarin.Forms.RadialMenu.csproj", "{3C3FEE3B-45C2-4C7F-B542-E902B6FE735F}"
EndProject
Project("{FAE04EC0-301F-11D3-BF4B-00C04F79EFBC}") = "NugetTestApp.UWP", "Xamarin.Forms.RadialMenu\Xamarin.Forms.RadialMenu.UWP\NugetTestApp.UWP.csproj", "{59EF33E3-8E34-4CDA-AE8E-37B5752F7847}"
EndProject
Project("{FAE04EC0-301F-11D3-BF4B-00C04F79EFBC}") = "Xamarin.Forms.RadialMenu.AndroidCore", "Xamarin.Forms.RadialMenu.AndroidCore\Xamarin.Forms.RadialMenu.AndroidCore.csproj", "{93E4B0E5-54FC-4AF7-852B-309F55882CA0}"
EndProject
Project("{FAE04EC0-301F-11D3-BF4B-00C04F79EFBC}") = "Xamarin.Forms.RadialMenu.iOSCore", "Xamarin.Forms.RadialMenu.iOSCore\Xamarin.Forms.RadialMenu.iOSCore.csproj", "{BEF52819-F2C9-4C8D-BF9D-54E46481D897}"
EndProject
Project("{2150E333-8FDC-42A3-9474-1A3956D46DE8}") = "MAUI", "MAUI", "{F97D6AA8-720A-4A7B-8FEC-3682F366386B}"
EndProject
Project("{FAE04EC0-301F-11D3-BF4B-00C04F79EFBC}") = "Maui.RadialMenu", "Maui.RadialMenu\Maui.RadialMenu.csproj", "{B5D579B7-7E9C-4CB5-9D89-AF9EEEA92141}"
EndProject
Project("{FAE04EC0-301F-11D3-BF4B-00C04F79EFBC}") = "Maui.RadialMenu.TestApp", "Maui.RadialMenu.TestApp\Maui.RadialMenu.TestApp.csproj", "{64ECF548-E3E9-4660-94BF-AD4A1C1A2F7B}"
EndProject
Global
	GlobalSection(SolutionConfigurationPlatforms) = preSolution
		Ad-Hoc|Any CPU = Ad-Hoc|Any CPU
		Ad-Hoc|ARM = Ad-Hoc|ARM
		Ad-Hoc|iPhone = Ad-Hoc|iPhone
		Ad-Hoc|iPhoneSimulator = Ad-Hoc|iPhoneSimulator
		Ad-Hoc|x64 = Ad-Hoc|x64
		Ad-Hoc|x86 = Ad-Hoc|x86
		AppStore|Any CPU = AppStore|Any CPU
		AppStore|ARM = AppStore|ARM
		AppStore|iPhone = AppStore|iPhone
		AppStore|iPhoneSimulator = AppStore|iPhoneSimulator
		AppStore|x64 = AppStore|x64
		AppStore|x86 = AppStore|x86
		Debug|Any CPU = Debug|Any CPU
		Debug|ARM = Debug|ARM
		Debug|iPhone = Debug|iPhone
		Debug|iPhoneSimulator = Debug|iPhoneSimulator
		Debug|x64 = Debug|x64
		Debug|x86 = Debug|x86
		Release|Any CPU = Release|Any CPU
		Release|ARM = Release|ARM
		Release|iPhone = Release|iPhone
		Release|iPhoneSimulator = Release|iPhoneSimulator
		Release|x64 = Release|x64
		Release|x86 = Release|x86
	EndGlobalSection
	GlobalSection(ProjectConfigurationPlatforms) = postSolution
		{6AC54817-D2C3-4E64-A25C-A8A3BDBCAB13}.Ad-Hoc|Any CPU.ActiveCfg = Release|Any CPU
		{6AC54817-D2C3-4E64-A25C-A8A3BDBCAB13}.Ad-Hoc|Any CPU.Build.0 = Release|Any CPU
		{6AC54817-D2C3-4E64-A25C-A8A3BDBCAB13}.Ad-Hoc|Any CPU.Deploy.0 = Release|Any CPU
		{6AC54817-D2C3-4E64-A25C-A8A3BDBCAB13}.Ad-Hoc|ARM.ActiveCfg = Release|Any CPU
		{6AC54817-D2C3-4E64-A25C-A8A3BDBCAB13}.Ad-Hoc|ARM.Build.0 = Release|Any CPU
		{6AC54817-D2C3-4E64-A25C-A8A3BDBCAB13}.Ad-Hoc|ARM.Deploy.0 = Release|Any CPU
		{6AC54817-D2C3-4E64-A25C-A8A3BDBCAB13}.Ad-Hoc|iPhone.ActiveCfg = Release|Any CPU
		{6AC54817-D2C3-4E64-A25C-A8A3BDBCAB13}.Ad-Hoc|iPhone.Build.0 = Release|Any CPU
		{6AC54817-D2C3-4E64-A25C-A8A3BDBCAB13}.Ad-Hoc|iPhone.Deploy.0 = Release|Any CPU
		{6AC54817-D2C3-4E64-A25C-A8A3BDBCAB13}.Ad-Hoc|iPhoneSimulator.ActiveCfg = Release|Any CPU
		{6AC54817-D2C3-4E64-A25C-A8A3BDBCAB13}.Ad-Hoc|iPhoneSimulator.Build.0 = Release|Any CPU
		{6AC54817-D2C3-4E64-A25C-A8A3BDBCAB13}.Ad-Hoc|iPhoneSimulator.Deploy.0 = Release|Any CPU
		{6AC54817-D2C3-4E64-A25C-A8A3BDBCAB13}.Ad-Hoc|x64.ActiveCfg = Release|Any CPU
		{6AC54817-D2C3-4E64-A25C-A8A3BDBCAB13}.Ad-Hoc|x64.Build.0 = Release|Any CPU
		{6AC54817-D2C3-4E64-A25C-A8A3BDBCAB13}.Ad-Hoc|x64.Deploy.0 = Release|Any CPU
		{6AC54817-D2C3-4E64-A25C-A8A3BDBCAB13}.Ad-Hoc|x86.ActiveCfg = Release|Any CPU
		{6AC54817-D2C3-4E64-A25C-A8A3BDBCAB13}.Ad-Hoc|x86.Build.0 = Release|Any CPU
		{6AC54817-D2C3-4E64-A25C-A8A3BDBCAB13}.Ad-Hoc|x86.Deploy.0 = Release|Any CPU
		{6AC54817-D2C3-4E64-A25C-A8A3BDBCAB13}.AppStore|Any CPU.ActiveCfg = Release|Any CPU
		{6AC54817-D2C3-4E64-A25C-A8A3BDBCAB13}.AppStore|Any CPU.Build.0 = Release|Any CPU
		{6AC54817-D2C3-4E64-A25C-A8A3BDBCAB13}.AppStore|Any CPU.Deploy.0 = Release|Any CPU
		{6AC54817-D2C3-4E64-A25C-A8A3BDBCAB13}.AppStore|ARM.ActiveCfg = Release|Any CPU
		{6AC54817-D2C3-4E64-A25C-A8A3BDBCAB13}.AppStore|ARM.Build.0 = Release|Any CPU
		{6AC54817-D2C3-4E64-A25C-A8A3BDBCAB13}.AppStore|ARM.Deploy.0 = Release|Any CPU
		{6AC54817-D2C3-4E64-A25C-A8A3BDBCAB13}.AppStore|iPhone.ActiveCfg = Release|Any CPU
		{6AC54817-D2C3-4E64-A25C-A8A3BDBCAB13}.AppStore|iPhone.Build.0 = Release|Any CPU
		{6AC54817-D2C3-4E64-A25C-A8A3BDBCAB13}.AppStore|iPhone.Deploy.0 = Release|Any CPU
		{6AC54817-D2C3-4E64-A25C-A8A3BDBCAB13}.AppStore|iPhoneSimulator.ActiveCfg = Release|Any CPU
		{6AC54817-D2C3-4E64-A25C-A8A3BDBCAB13}.AppStore|iPhoneSimulator.Build.0 = Release|Any CPU
		{6AC54817-D2C3-4E64-A25C-A8A3BDBCAB13}.AppStore|iPhoneSimulator.Deploy.0 = Release|Any CPU
		{6AC54817-D2C3-4E64-A25C-A8A3BDBCAB13}.AppStore|x64.ActiveCfg = Release|Any CPU
		{6AC54817-D2C3-4E64-A25C-A8A3BDBCAB13}.AppStore|x64.Build.0 = Release|Any CPU
		{6AC54817-D2C3-4E64-A25C-A8A3BDBCAB13}.AppStore|x64.Deploy.0 = Release|Any CPU
		{6AC54817-D2C3-4E64-A25C-A8A3BDBCAB13}.AppStore|x86.ActiveCfg = Release|Any CPU
		{6AC54817-D2C3-4E64-A25C-A8A3BDBCAB13}.AppStore|x86.Build.0 = Release|Any CPU
		{6AC54817-D2C3-4E64-A25C-A8A3BDBCAB13}.AppStore|x86.Deploy.0 = Release|Any CPU
		{6AC54817-D2C3-4E64-A25C-A8A3BDBCAB13}.Debug|Any CPU.ActiveCfg = Debug|Any CPU
		{6AC54817-D2C3-4E64-A25C-A8A3BDBCAB13}.Debug|Any CPU.Build.0 = Debug|Any CPU
		{6AC54817-D2C3-4E64-A25C-A8A3BDBCAB13}.Debug|Any CPU.Deploy.0 = Debug|Any CPU
		{6AC54817-D2C3-4E64-A25C-A8A3BDBCAB13}.Debug|ARM.ActiveCfg = Debug|Any CPU
		{6AC54817-D2C3-4E64-A25C-A8A3BDBCAB13}.Debug|ARM.Build.0 = Debug|Any CPU
		{6AC54817-D2C3-4E64-A25C-A8A3BDBCAB13}.Debug|ARM.Deploy.0 = Debug|Any CPU
		{6AC54817-D2C3-4E64-A25C-A8A3BDBCAB13}.Debug|iPhone.ActiveCfg = Debug|Any CPU
		{6AC54817-D2C3-4E64-A25C-A8A3BDBCAB13}.Debug|iPhone.Build.0 = Debug|Any CPU
		{6AC54817-D2C3-4E64-A25C-A8A3BDBCAB13}.Debug|iPhone.Deploy.0 = Debug|Any CPU
		{6AC54817-D2C3-4E64-A25C-A8A3BDBCAB13}.Debug|iPhoneSimulator.ActiveCfg = Debug|Any CPU
		{6AC54817-D2C3-4E64-A25C-A8A3BDBCAB13}.Debug|iPhoneSimulator.Build.0 = Debug|Any CPU
		{6AC54817-D2C3-4E64-A25C-A8A3BDBCAB13}.Debug|iPhoneSimulator.Deploy.0 = Debug|Any CPU
		{6AC54817-D2C3-4E64-A25C-A8A3BDBCAB13}.Debug|x64.ActiveCfg = Debug|Any CPU
		{6AC54817-D2C3-4E64-A25C-A8A3BDBCAB13}.Debug|x64.Build.0 = Debug|Any CPU
		{6AC54817-D2C3-4E64-A25C-A8A3BDBCAB13}.Debug|x64.Deploy.0 = Debug|Any CPU
		{6AC54817-D2C3-4E64-A25C-A8A3BDBCAB13}.Debug|x86.ActiveCfg = Debug|Any CPU
		{6AC54817-D2C3-4E64-A25C-A8A3BDBCAB13}.Debug|x86.Build.0 = Debug|Any CPU
		{6AC54817-D2C3-4E64-A25C-A8A3BDBCAB13}.Debug|x86.Deploy.0 = Debug|Any CPU
		{6AC54817-D2C3-4E64-A25C-A8A3BDBCAB13}.Release|Any CPU.ActiveCfg = Release|Any CPU
		{6AC54817-D2C3-4E64-A25C-A8A3BDBCAB13}.Release|Any CPU.Build.0 = Release|Any CPU
		{6AC54817-D2C3-4E64-A25C-A8A3BDBCAB13}.Release|Any CPU.Deploy.0 = Release|Any CPU
		{6AC54817-D2C3-4E64-A25C-A8A3BDBCAB13}.Release|ARM.ActiveCfg = Release|Any CPU
		{6AC54817-D2C3-4E64-A25C-A8A3BDBCAB13}.Release|ARM.Build.0 = Release|Any CPU
		{6AC54817-D2C3-4E64-A25C-A8A3BDBCAB13}.Release|ARM.Deploy.0 = Release|Any CPU
		{6AC54817-D2C3-4E64-A25C-A8A3BDBCAB13}.Release|iPhone.ActiveCfg = Release|Any CPU
		{6AC54817-D2C3-4E64-A25C-A8A3BDBCAB13}.Release|iPhone.Build.0 = Release|Any CPU
		{6AC54817-D2C3-4E64-A25C-A8A3BDBCAB13}.Release|iPhone.Deploy.0 = Release|Any CPU
		{6AC54817-D2C3-4E64-A25C-A8A3BDBCAB13}.Release|iPhoneSimulator.ActiveCfg = Release|Any CPU
		{6AC54817-D2C3-4E64-A25C-A8A3BDBCAB13}.Release|iPhoneSimulator.Build.0 = Release|Any CPU
		{6AC54817-D2C3-4E64-A25C-A8A3BDBCAB13}.Release|iPhoneSimulator.Deploy.0 = Release|Any CPU
		{6AC54817-D2C3-4E64-A25C-A8A3BDBCAB13}.Release|x64.ActiveCfg = Release|Any CPU
		{6AC54817-D2C3-4E64-A25C-A8A3BDBCAB13}.Release|x64.Build.0 = Release|Any CPU
		{6AC54817-D2C3-4E64-A25C-A8A3BDBCAB13}.Release|x64.Deploy.0 = Release|Any CPU
		{6AC54817-D2C3-4E64-A25C-A8A3BDBCAB13}.Release|x86.ActiveCfg = Release|Any CPU
		{6AC54817-D2C3-4E64-A25C-A8A3BDBCAB13}.Release|x86.Build.0 = Release|Any CPU
		{6AC54817-D2C3-4E64-A25C-A8A3BDBCAB13}.Release|x86.Deploy.0 = Release|Any CPU
		{F3543572-AD0F-47C7-8CE1-5FA371FFADCA}.Ad-Hoc|Any CPU.ActiveCfg = Ad-Hoc|iPhone
		{F3543572-AD0F-47C7-8CE1-5FA371FFADCA}.Ad-Hoc|Any CPU.Build.0 = Ad-Hoc|iPhone
		{F3543572-AD0F-47C7-8CE1-5FA371FFADCA}.Ad-Hoc|Any CPU.Deploy.0 = Ad-Hoc|iPhone
		{F3543572-AD0F-47C7-8CE1-5FA371FFADCA}.Ad-Hoc|ARM.ActiveCfg = Ad-Hoc|iPhone
		{F3543572-AD0F-47C7-8CE1-5FA371FFADCA}.Ad-Hoc|ARM.Build.0 = Ad-Hoc|iPhone
		{F3543572-AD0F-47C7-8CE1-5FA371FFADCA}.Ad-Hoc|ARM.Deploy.0 = Ad-Hoc|iPhone
		{F3543572-AD0F-47C7-8CE1-5FA371FFADCA}.Ad-Hoc|iPhone.ActiveCfg = Ad-Hoc|iPhone
		{F3543572-AD0F-47C7-8CE1-5FA371FFADCA}.Ad-Hoc|iPhone.Build.0 = Ad-Hoc|iPhone
		{F3543572-AD0F-47C7-8CE1-5FA371FFADCA}.Ad-Hoc|iPhone.Deploy.0 = Ad-Hoc|iPhone
		{F3543572-AD0F-47C7-8CE1-5FA371FFADCA}.Ad-Hoc|iPhoneSimulator.ActiveCfg = Ad-Hoc|iPhoneSimulator
		{F3543572-AD0F-47C7-8CE1-5FA371FFADCA}.Ad-Hoc|iPhoneSimulator.Build.0 = Ad-Hoc|iPhoneSimulator
		{F3543572-AD0F-47C7-8CE1-5FA371FFADCA}.Ad-Hoc|iPhoneSimulator.Deploy.0 = Ad-Hoc|iPhoneSimulator
		{F3543572-AD0F-47C7-8CE1-5FA371FFADCA}.Ad-Hoc|x64.ActiveCfg = Ad-Hoc|iPhone
		{F3543572-AD0F-47C7-8CE1-5FA371FFADCA}.Ad-Hoc|x64.Build.0 = Ad-Hoc|iPhone
		{F3543572-AD0F-47C7-8CE1-5FA371FFADCA}.Ad-Hoc|x64.Deploy.0 = Ad-Hoc|iPhone
		{F3543572-AD0F-47C7-8CE1-5FA371FFADCA}.Ad-Hoc|x86.ActiveCfg = Ad-Hoc|iPhone
		{F3543572-AD0F-47C7-8CE1-5FA371FFADCA}.Ad-Hoc|x86.Build.0 = Ad-Hoc|iPhone
		{F3543572-AD0F-47C7-8CE1-5FA371FFADCA}.Ad-Hoc|x86.Deploy.0 = Ad-Hoc|iPhone
		{F3543572-AD0F-47C7-8CE1-5FA371FFADCA}.AppStore|Any CPU.ActiveCfg = AppStore|iPhone
		{F3543572-AD0F-47C7-8CE1-5FA371FFADCA}.AppStore|Any CPU.Build.0 = AppStore|iPhone
		{F3543572-AD0F-47C7-8CE1-5FA371FFADCA}.AppStore|Any CPU.Deploy.0 = AppStore|iPhone
		{F3543572-AD0F-47C7-8CE1-5FA371FFADCA}.AppStore|ARM.ActiveCfg = AppStore|iPhone
		{F3543572-AD0F-47C7-8CE1-5FA371FFADCA}.AppStore|ARM.Build.0 = AppStore|iPhone
		{F3543572-AD0F-47C7-8CE1-5FA371FFADCA}.AppStore|ARM.Deploy.0 = AppStore|iPhone
		{F3543572-AD0F-47C7-8CE1-5FA371FFADCA}.AppStore|iPhone.ActiveCfg = AppStore|iPhone
		{F3543572-AD0F-47C7-8CE1-5FA371FFADCA}.AppStore|iPhone.Build.0 = AppStore|iPhone
		{F3543572-AD0F-47C7-8CE1-5FA371FFADCA}.AppStore|iPhone.Deploy.0 = AppStore|iPhone
		{F3543572-AD0F-47C7-8CE1-5FA371FFADCA}.AppStore|iPhoneSimulator.ActiveCfg = AppStore|iPhoneSimulator
		{F3543572-AD0F-47C7-8CE1-5FA371FFADCA}.AppStore|iPhoneSimulator.Build.0 = AppStore|iPhoneSimulator
		{F3543572-AD0F-47C7-8CE1-5FA371FFADCA}.AppStore|iPhoneSimulator.Deploy.0 = AppStore|iPhoneSimulator
		{F3543572-AD0F-47C7-8CE1-5FA371FFADCA}.AppStore|x64.ActiveCfg = AppStore|iPhone
		{F3543572-AD0F-47C7-8CE1-5FA371FFADCA}.AppStore|x64.Build.0 = AppStore|iPhone
		{F3543572-AD0F-47C7-8CE1-5FA371FFADCA}.AppStore|x64.Deploy.0 = AppStore|iPhone
		{F3543572-AD0F-47C7-8CE1-5FA371FFADCA}.AppStore|x86.ActiveCfg = AppStore|iPhone
		{F3543572-AD0F-47C7-8CE1-5FA371FFADCA}.AppStore|x86.Build.0 = AppStore|iPhone
		{F3543572-AD0F-47C7-8CE1-5FA371FFADCA}.AppStore|x86.Deploy.0 = AppStore|iPhone
		{F3543572-AD0F-47C7-8CE1-5FA371FFADCA}.Debug|Any CPU.ActiveCfg = Debug|iPhoneSimulator
		{F3543572-AD0F-47C7-8CE1-5FA371FFADCA}.Debug|Any CPU.Build.0 = Debug|iPhoneSimulator
		{F3543572-AD0F-47C7-8CE1-5FA371FFADCA}.Debug|Any CPU.Deploy.0 = Debug|iPhoneSimulator
		{F3543572-AD0F-47C7-8CE1-5FA371FFADCA}.Debug|ARM.ActiveCfg = Debug|iPhone
		{F3543572-AD0F-47C7-8CE1-5FA371FFADCA}.Debug|ARM.Build.0 = Debug|iPhone
		{F3543572-AD0F-47C7-8CE1-5FA371FFADCA}.Debug|ARM.Deploy.0 = Debug|iPhone
		{F3543572-AD0F-47C7-8CE1-5FA371FFADCA}.Debug|iPhone.ActiveCfg = Debug|iPhone
		{F3543572-AD0F-47C7-8CE1-5FA371FFADCA}.Debug|iPhone.Build.0 = Debug|iPhone
		{F3543572-AD0F-47C7-8CE1-5FA371FFADCA}.Debug|iPhone.Deploy.0 = Debug|iPhone
		{F3543572-AD0F-47C7-8CE1-5FA371FFADCA}.Debug|iPhoneSimulator.ActiveCfg = Debug|iPhoneSimulator
		{F3543572-AD0F-47C7-8CE1-5FA371FFADCA}.Debug|iPhoneSimulator.Build.0 = Debug|iPhoneSimulator
		{F3543572-AD0F-47C7-8CE1-5FA371FFADCA}.Debug|iPhoneSimulator.Deploy.0 = Debug|iPhoneSimulator
		{F3543572-AD0F-47C7-8CE1-5FA371FFADCA}.Debug|x64.ActiveCfg = Debug|iPhone
		{F3543572-AD0F-47C7-8CE1-5FA371FFADCA}.Debug|x64.Build.0 = Debug|iPhone
		{F3543572-AD0F-47C7-8CE1-5FA371FFADCA}.Debug|x64.Deploy.0 = Debug|iPhone
		{F3543572-AD0F-47C7-8CE1-5FA371FFADCA}.Debug|x86.ActiveCfg = Debug|iPhone
		{F3543572-AD0F-47C7-8CE1-5FA371FFADCA}.Debug|x86.Build.0 = Debug|iPhone
		{F3543572-AD0F-47C7-8CE1-5FA371FFADCA}.Debug|x86.Deploy.0 = Debug|iPhone
		{F3543572-AD0F-47C7-8CE1-5FA371FFADCA}.Release|Any CPU.ActiveCfg = Release|iPhone
		{F3543572-AD0F-47C7-8CE1-5FA371FFADCA}.Release|Any CPU.Build.0 = Release|iPhone
		{F3543572-AD0F-47C7-8CE1-5FA371FFADCA}.Release|Any CPU.Deploy.0 = Release|iPhone
		{F3543572-AD0F-47C7-8CE1-5FA371FFADCA}.Release|ARM.ActiveCfg = Release|iPhone
		{F3543572-AD0F-47C7-8CE1-5FA371FFADCA}.Release|ARM.Build.0 = Release|iPhone
		{F3543572-AD0F-47C7-8CE1-5FA371FFADCA}.Release|ARM.Deploy.0 = Release|iPhone
		{F3543572-AD0F-47C7-8CE1-5FA371FFADCA}.Release|iPhone.ActiveCfg = Release|iPhone
		{F3543572-AD0F-47C7-8CE1-5FA371FFADCA}.Release|iPhone.Build.0 = Release|iPhone
		{F3543572-AD0F-47C7-8CE1-5FA371FFADCA}.Release|iPhone.Deploy.0 = Release|iPhone
		{F3543572-AD0F-47C7-8CE1-5FA371FFADCA}.Release|iPhoneSimulator.ActiveCfg = Release|iPhoneSimulator
		{F3543572-AD0F-47C7-8CE1-5FA371FFADCA}.Release|iPhoneSimulator.Build.0 = Release|iPhoneSimulator
		{F3543572-AD0F-47C7-8CE1-5FA371FFADCA}.Release|iPhoneSimulator.Deploy.0 = Release|iPhoneSimulator
		{F3543572-AD0F-47C7-8CE1-5FA371FFADCA}.Release|x64.ActiveCfg = Release|iPhone
		{F3543572-AD0F-47C7-8CE1-5FA371FFADCA}.Release|x64.Build.0 = Release|iPhone
		{F3543572-AD0F-47C7-8CE1-5FA371FFADCA}.Release|x64.Deploy.0 = Release|iPhone
		{F3543572-AD0F-47C7-8CE1-5FA371FFADCA}.Release|x86.ActiveCfg = Release|iPhone
		{F3543572-AD0F-47C7-8CE1-5FA371FFADCA}.Release|x86.Build.0 = Release|iPhone
		{F3543572-AD0F-47C7-8CE1-5FA371FFADCA}.Release|x86.Deploy.0 = Release|iPhone
		{3C3FEE3B-45C2-4C7F-B542-E902B6FE735F}.Ad-Hoc|Any CPU.ActiveCfg = Debug|Any CPU
		{3C3FEE3B-45C2-4C7F-B542-E902B6FE735F}.Ad-Hoc|Any CPU.Build.0 = Debug|Any CPU
		{3C3FEE3B-45C2-4C7F-B542-E902B6FE735F}.Ad-Hoc|Any CPU.Deploy.0 = Debug|Any CPU
		{3C3FEE3B-45C2-4C7F-B542-E902B6FE735F}.Ad-Hoc|ARM.ActiveCfg = Debug|Any CPU
		{3C3FEE3B-45C2-4C7F-B542-E902B6FE735F}.Ad-Hoc|ARM.Build.0 = Debug|Any CPU
		{3C3FEE3B-45C2-4C7F-B542-E902B6FE735F}.Ad-Hoc|ARM.Deploy.0 = Debug|Any CPU
		{3C3FEE3B-45C2-4C7F-B542-E902B6FE735F}.Ad-Hoc|iPhone.ActiveCfg = Debug|Any CPU
		{3C3FEE3B-45C2-4C7F-B542-E902B6FE735F}.Ad-Hoc|iPhone.Build.0 = Debug|Any CPU
		{3C3FEE3B-45C2-4C7F-B542-E902B6FE735F}.Ad-Hoc|iPhone.Deploy.0 = Debug|Any CPU
		{3C3FEE3B-45C2-4C7F-B542-E902B6FE735F}.Ad-Hoc|iPhoneSimulator.ActiveCfg = Debug|Any CPU
		{3C3FEE3B-45C2-4C7F-B542-E902B6FE735F}.Ad-Hoc|iPhoneSimulator.Build.0 = Debug|Any CPU
		{3C3FEE3B-45C2-4C7F-B542-E902B6FE735F}.Ad-Hoc|iPhoneSimulator.Deploy.0 = Debug|Any CPU
		{3C3FEE3B-45C2-4C7F-B542-E902B6FE735F}.Ad-Hoc|x64.ActiveCfg = Debug|Any CPU
		{3C3FEE3B-45C2-4C7F-B542-E902B6FE735F}.Ad-Hoc|x64.Build.0 = Debug|Any CPU
		{3C3FEE3B-45C2-4C7F-B542-E902B6FE735F}.Ad-Hoc|x64.Deploy.0 = Debug|Any CPU
		{3C3FEE3B-45C2-4C7F-B542-E902B6FE735F}.Ad-Hoc|x86.ActiveCfg = Debug|Any CPU
		{3C3FEE3B-45C2-4C7F-B542-E902B6FE735F}.Ad-Hoc|x86.Build.0 = Debug|Any CPU
		{3C3FEE3B-45C2-4C7F-B542-E902B6FE735F}.Ad-Hoc|x86.Deploy.0 = Debug|Any CPU
		{3C3FEE3B-45C2-4C7F-B542-E902B6FE735F}.AppStore|Any CPU.ActiveCfg = Debug|Any CPU
		{3C3FEE3B-45C2-4C7F-B542-E902B6FE735F}.AppStore|Any CPU.Build.0 = Debug|Any CPU
		{3C3FEE3B-45C2-4C7F-B542-E902B6FE735F}.AppStore|Any CPU.Deploy.0 = Debug|Any CPU
		{3C3FEE3B-45C2-4C7F-B542-E902B6FE735F}.AppStore|ARM.ActiveCfg = Debug|Any CPU
		{3C3FEE3B-45C2-4C7F-B542-E902B6FE735F}.AppStore|ARM.Build.0 = Debug|Any CPU
		{3C3FEE3B-45C2-4C7F-B542-E902B6FE735F}.AppStore|ARM.Deploy.0 = Debug|Any CPU
		{3C3FEE3B-45C2-4C7F-B542-E902B6FE735F}.AppStore|iPhone.ActiveCfg = Debug|Any CPU
		{3C3FEE3B-45C2-4C7F-B542-E902B6FE735F}.AppStore|iPhone.Build.0 = Debug|Any CPU
		{3C3FEE3B-45C2-4C7F-B542-E902B6FE735F}.AppStore|iPhone.Deploy.0 = Debug|Any CPU
		{3C3FEE3B-45C2-4C7F-B542-E902B6FE735F}.AppStore|iPhoneSimulator.ActiveCfg = Debug|Any CPU
		{3C3FEE3B-45C2-4C7F-B542-E902B6FE735F}.AppStore|iPhoneSimulator.Build.0 = Debug|Any CPU
		{3C3FEE3B-45C2-4C7F-B542-E902B6FE735F}.AppStore|iPhoneSimulator.Deploy.0 = Debug|Any CPU
		{3C3FEE3B-45C2-4C7F-B542-E902B6FE735F}.AppStore|x64.ActiveCfg = Debug|Any CPU
		{3C3FEE3B-45C2-4C7F-B542-E902B6FE735F}.AppStore|x64.Build.0 = Debug|Any CPU
		{3C3FEE3B-45C2-4C7F-B542-E902B6FE735F}.AppStore|x64.Deploy.0 = Debug|Any CPU
		{3C3FEE3B-45C2-4C7F-B542-E902B6FE735F}.AppStore|x86.ActiveCfg = Debug|Any CPU
		{3C3FEE3B-45C2-4C7F-B542-E902B6FE735F}.AppStore|x86.Build.0 = Debug|Any CPU
		{3C3FEE3B-45C2-4C7F-B542-E902B6FE735F}.AppStore|x86.Deploy.0 = Debug|Any CPU
		{3C3FEE3B-45C2-4C7F-B542-E902B6FE735F}.Debug|Any CPU.ActiveCfg = Debug|Any CPU
		{3C3FEE3B-45C2-4C7F-B542-E902B6FE735F}.Debug|Any CPU.Build.0 = Debug|Any CPU
		{3C3FEE3B-45C2-4C7F-B542-E902B6FE735F}.Debug|Any CPU.Deploy.0 = Debug|Any CPU
		{3C3FEE3B-45C2-4C7F-B542-E902B6FE735F}.Debug|ARM.ActiveCfg = Debug|Any CPU
		{3C3FEE3B-45C2-4C7F-B542-E902B6FE735F}.Debug|ARM.Build.0 = Debug|Any CPU
		{3C3FEE3B-45C2-4C7F-B542-E902B6FE735F}.Debug|ARM.Deploy.0 = Debug|Any CPU
		{3C3FEE3B-45C2-4C7F-B542-E902B6FE735F}.Debug|iPhone.ActiveCfg = Debug|Any CPU
		{3C3FEE3B-45C2-4C7F-B542-E902B6FE735F}.Debug|iPhone.Build.0 = Debug|Any CPU
		{3C3FEE3B-45C2-4C7F-B542-E902B6FE735F}.Debug|iPhone.Deploy.0 = Debug|Any CPU
		{3C3FEE3B-45C2-4C7F-B542-E902B6FE735F}.Debug|iPhoneSimulator.ActiveCfg = Debug|Any CPU
		{3C3FEE3B-45C2-4C7F-B542-E902B6FE735F}.Debug|iPhoneSimulator.Build.0 = Debug|Any CPU
		{3C3FEE3B-45C2-4C7F-B542-E902B6FE735F}.Debug|iPhoneSimulator.Deploy.0 = Debug|Any CPU
		{3C3FEE3B-45C2-4C7F-B542-E902B6FE735F}.Debug|x64.ActiveCfg = Debug|Any CPU
		{3C3FEE3B-45C2-4C7F-B542-E902B6FE735F}.Debug|x64.Build.0 = Debug|Any CPU
		{3C3FEE3B-45C2-4C7F-B542-E902B6FE735F}.Debug|x64.Deploy.0 = Debug|Any CPU
		{3C3FEE3B-45C2-4C7F-B542-E902B6FE735F}.Debug|x86.ActiveCfg = Debug|Any CPU
		{3C3FEE3B-45C2-4C7F-B542-E902B6FE735F}.Debug|x86.Build.0 = Debug|Any CPU
		{3C3FEE3B-45C2-4C7F-B542-E902B6FE735F}.Debug|x86.Deploy.0 = Debug|Any CPU
		{3C3FEE3B-45C2-4C7F-B542-E902B6FE735F}.Release|Any CPU.ActiveCfg = Release|Any CPU
		{3C3FEE3B-45C2-4C7F-B542-E902B6FE735F}.Release|Any CPU.Build.0 = Release|Any CPU
		{3C3FEE3B-45C2-4C7F-B542-E902B6FE735F}.Release|Any CPU.Deploy.0 = Release|Any CPU
		{3C3FEE3B-45C2-4C7F-B542-E902B6FE735F}.Release|ARM.ActiveCfg = Release|Any CPU
		{3C3FEE3B-45C2-4C7F-B542-E902B6FE735F}.Release|ARM.Build.0 = Release|Any CPU
		{3C3FEE3B-45C2-4C7F-B542-E902B6FE735F}.Release|ARM.Deploy.0 = Release|Any CPU
		{3C3FEE3B-45C2-4C7F-B542-E902B6FE735F}.Release|iPhone.ActiveCfg = Release|Any CPU
		{3C3FEE3B-45C2-4C7F-B542-E902B6FE735F}.Release|iPhone.Build.0 = Release|Any CPU
		{3C3FEE3B-45C2-4C7F-B542-E902B6FE735F}.Release|iPhone.Deploy.0 = Release|Any CPU
		{3C3FEE3B-45C2-4C7F-B542-E902B6FE735F}.Release|iPhoneSimulator.ActiveCfg = Release|Any CPU
		{3C3FEE3B-45C2-4C7F-B542-E902B6FE735F}.Release|iPhoneSimulator.Build.0 = Release|Any CPU
		{3C3FEE3B-45C2-4C7F-B542-E902B6FE735F}.Release|iPhoneSimulator.Deploy.0 = Release|Any CPU
		{3C3FEE3B-45C2-4C7F-B542-E902B6FE735F}.Release|x64.ActiveCfg = Release|Any CPU
		{3C3FEE3B-45C2-4C7F-B542-E902B6FE735F}.Release|x64.Build.0 = Release|Any CPU
		{3C3FEE3B-45C2-4C7F-B542-E902B6FE735F}.Release|x64.Deploy.0 = Release|Any CPU
		{3C3FEE3B-45C2-4C7F-B542-E902B6FE735F}.Release|x86.ActiveCfg = Release|Any CPU
		{3C3FEE3B-45C2-4C7F-B542-E902B6FE735F}.Release|x86.Build.0 = Release|Any CPU
		{3C3FEE3B-45C2-4C7F-B542-E902B6FE735F}.Release|x86.Deploy.0 = Release|Any CPU
		{59EF33E3-8E34-4CDA-AE8E-37B5752F7847}.Ad-Hoc|Any CPU.ActiveCfg = Release|x86
		{59EF33E3-8E34-4CDA-AE8E-37B5752F7847}.Ad-Hoc|Any CPU.Build.0 = Release|x86
		{59EF33E3-8E34-4CDA-AE8E-37B5752F7847}.Ad-Hoc|Any CPU.Deploy.0 = Release|x86
		{59EF33E3-8E34-4CDA-AE8E-37B5752F7847}.Ad-Hoc|ARM.ActiveCfg = Release|ARM
		{59EF33E3-8E34-4CDA-AE8E-37B5752F7847}.Ad-Hoc|ARM.Build.0 = Release|ARM
		{59EF33E3-8E34-4CDA-AE8E-37B5752F7847}.Ad-Hoc|ARM.Deploy.0 = Release|ARM
		{59EF33E3-8E34-4CDA-AE8E-37B5752F7847}.Ad-Hoc|iPhone.ActiveCfg = Release|x86
		{59EF33E3-8E34-4CDA-AE8E-37B5752F7847}.Ad-Hoc|iPhone.Build.0 = Release|x86
		{59EF33E3-8E34-4CDA-AE8E-37B5752F7847}.Ad-Hoc|iPhone.Deploy.0 = Release|x86
		{59EF33E3-8E34-4CDA-AE8E-37B5752F7847}.Ad-Hoc|iPhoneSimulator.ActiveCfg = Release|x86
		{59EF33E3-8E34-4CDA-AE8E-37B5752F7847}.Ad-Hoc|iPhoneSimulator.Build.0 = Release|x86
		{59EF33E3-8E34-4CDA-AE8E-37B5752F7847}.Ad-Hoc|iPhoneSimulator.Deploy.0 = Release|x86
		{59EF33E3-8E34-4CDA-AE8E-37B5752F7847}.Ad-Hoc|x64.ActiveCfg = Release|x64
		{59EF33E3-8E34-4CDA-AE8E-37B5752F7847}.Ad-Hoc|x64.Build.0 = Release|x64
		{59EF33E3-8E34-4CDA-AE8E-37B5752F7847}.Ad-Hoc|x64.Deploy.0 = Release|x64
		{59EF33E3-8E34-4CDA-AE8E-37B5752F7847}.Ad-Hoc|x86.ActiveCfg = Release|x86
		{59EF33E3-8E34-4CDA-AE8E-37B5752F7847}.Ad-Hoc|x86.Build.0 = Release|x86
		{59EF33E3-8E34-4CDA-AE8E-37B5752F7847}.Ad-Hoc|x86.Deploy.0 = Release|x86
		{59EF33E3-8E34-4CDA-AE8E-37B5752F7847}.AppStore|Any CPU.ActiveCfg = Release|x86
		{59EF33E3-8E34-4CDA-AE8E-37B5752F7847}.AppStore|Any CPU.Build.0 = Release|x86
		{59EF33E3-8E34-4CDA-AE8E-37B5752F7847}.AppStore|Any CPU.Deploy.0 = Release|x86
		{59EF33E3-8E34-4CDA-AE8E-37B5752F7847}.AppStore|ARM.ActiveCfg = Release|ARM
		{59EF33E3-8E34-4CDA-AE8E-37B5752F7847}.AppStore|ARM.Build.0 = Release|ARM
		{59EF33E3-8E34-4CDA-AE8E-37B5752F7847}.AppStore|ARM.Deploy.0 = Release|ARM
		{59EF33E3-8E34-4CDA-AE8E-37B5752F7847}.AppStore|iPhone.ActiveCfg = Release|x86
		{59EF33E3-8E34-4CDA-AE8E-37B5752F7847}.AppStore|iPhone.Build.0 = Release|x86
		{59EF33E3-8E34-4CDA-AE8E-37B5752F7847}.AppStore|iPhone.Deploy.0 = Release|x86
		{59EF33E3-8E34-4CDA-AE8E-37B5752F7847}.AppStore|iPhoneSimulator.ActiveCfg = Release|x86
		{59EF33E3-8E34-4CDA-AE8E-37B5752F7847}.AppStore|iPhoneSimulator.Build.0 = Release|x86
		{59EF33E3-8E34-4CDA-AE8E-37B5752F7847}.AppStore|iPhoneSimulator.Deploy.0 = Release|x86
		{59EF33E3-8E34-4CDA-AE8E-37B5752F7847}.AppStore|x64.ActiveCfg = Release|x64
		{59EF33E3-8E34-4CDA-AE8E-37B5752F7847}.AppStore|x64.Build.0 = Release|x64
		{59EF33E3-8E34-4CDA-AE8E-37B5752F7847}.AppStore|x64.Deploy.0 = Release|x64
		{59EF33E3-8E34-4CDA-AE8E-37B5752F7847}.AppStore|x86.ActiveCfg = Release|x86
		{59EF33E3-8E34-4CDA-AE8E-37B5752F7847}.AppStore|x86.Build.0 = Release|x86
		{59EF33E3-8E34-4CDA-AE8E-37B5752F7847}.AppStore|x86.Deploy.0 = Release|x86
		{59EF33E3-8E34-4CDA-AE8E-37B5752F7847}.Debug|Any CPU.ActiveCfg = Debug|x86
		{59EF33E3-8E34-4CDA-AE8E-37B5752F7847}.Debug|ARM.ActiveCfg = Debug|ARM
		{59EF33E3-8E34-4CDA-AE8E-37B5752F7847}.Debug|ARM.Build.0 = Debug|ARM
		{59EF33E3-8E34-4CDA-AE8E-37B5752F7847}.Debug|ARM.Deploy.0 = Debug|ARM
		{59EF33E3-8E34-4CDA-AE8E-37B5752F7847}.Debug|iPhone.ActiveCfg = Debug|x86
		{59EF33E3-8E34-4CDA-AE8E-37B5752F7847}.Debug|iPhoneSimulator.ActiveCfg = Debug|x86
		{59EF33E3-8E34-4CDA-AE8E-37B5752F7847}.Debug|x64.ActiveCfg = Debug|x64
		{59EF33E3-8E34-4CDA-AE8E-37B5752F7847}.Debug|x64.Build.0 = Debug|x64
		{59EF33E3-8E34-4CDA-AE8E-37B5752F7847}.Debug|x64.Deploy.0 = Debug|x64
		{59EF33E3-8E34-4CDA-AE8E-37B5752F7847}.Debug|x86.ActiveCfg = Debug|x86
		{59EF33E3-8E34-4CDA-AE8E-37B5752F7847}.Debug|x86.Build.0 = Debug|x86
		{59EF33E3-8E34-4CDA-AE8E-37B5752F7847}.Debug|x86.Deploy.0 = Debug|x86
		{59EF33E3-8E34-4CDA-AE8E-37B5752F7847}.Release|Any CPU.ActiveCfg = Release|x86
		{59EF33E3-8E34-4CDA-AE8E-37B5752F7847}.Release|ARM.ActiveCfg = Release|ARM
		{59EF33E3-8E34-4CDA-AE8E-37B5752F7847}.Release|ARM.Build.0 = Release|ARM
		{59EF33E3-8E34-4CDA-AE8E-37B5752F7847}.Release|ARM.Deploy.0 = Release|ARM
		{59EF33E3-8E34-4CDA-AE8E-37B5752F7847}.Release|iPhone.ActiveCfg = Release|x86
		{59EF33E3-8E34-4CDA-AE8E-37B5752F7847}.Release|iPhoneSimulator.ActiveCfg = Release|x86
		{59EF33E3-8E34-4CDA-AE8E-37B5752F7847}.Release|x64.ActiveCfg = Release|x64
		{59EF33E3-8E34-4CDA-AE8E-37B5752F7847}.Release|x64.Build.0 = Release|x64
		{59EF33E3-8E34-4CDA-AE8E-37B5752F7847}.Release|x64.Deploy.0 = Release|x64
		{59EF33E3-8E34-4CDA-AE8E-37B5752F7847}.Release|x86.ActiveCfg = Release|x86
		{59EF33E3-8E34-4CDA-AE8E-37B5752F7847}.Release|x86.Build.0 = Release|x86
		{59EF33E3-8E34-4CDA-AE8E-37B5752F7847}.Release|x86.Deploy.0 = Release|x86
		{93E4B0E5-54FC-4AF7-852B-309F55882CA0}.Ad-Hoc|Any CPU.ActiveCfg = Release|Any CPU
		{93E4B0E5-54FC-4AF7-852B-309F55882CA0}.Ad-Hoc|Any CPU.Build.0 = Release|Any CPU
		{93E4B0E5-54FC-4AF7-852B-309F55882CA0}.Ad-Hoc|ARM.ActiveCfg = Release|Any CPU
		{93E4B0E5-54FC-4AF7-852B-309F55882CA0}.Ad-Hoc|ARM.Build.0 = Release|Any CPU
		{93E4B0E5-54FC-4AF7-852B-309F55882CA0}.Ad-Hoc|iPhone.ActiveCfg = Release|Any CPU
		{93E4B0E5-54FC-4AF7-852B-309F55882CA0}.Ad-Hoc|iPhone.Build.0 = Release|Any CPU
		{93E4B0E5-54FC-4AF7-852B-309F55882CA0}.Ad-Hoc|iPhoneSimulator.ActiveCfg = Release|Any CPU
		{93E4B0E5-54FC-4AF7-852B-309F55882CA0}.Ad-Hoc|iPhoneSimulator.Build.0 = Release|Any CPU
		{93E4B0E5-54FC-4AF7-852B-309F55882CA0}.Ad-Hoc|x64.ActiveCfg = Release|Any CPU
		{93E4B0E5-54FC-4AF7-852B-309F55882CA0}.Ad-Hoc|x64.Build.0 = Release|Any CPU
		{93E4B0E5-54FC-4AF7-852B-309F55882CA0}.Ad-Hoc|x86.ActiveCfg = Release|Any CPU
		{93E4B0E5-54FC-4AF7-852B-309F55882CA0}.Ad-Hoc|x86.Build.0 = Release|Any CPU
		{93E4B0E5-54FC-4AF7-852B-309F55882CA0}.AppStore|Any CPU.ActiveCfg = Release|Any CPU
		{93E4B0E5-54FC-4AF7-852B-309F55882CA0}.AppStore|Any CPU.Build.0 = Release|Any CPU
		{93E4B0E5-54FC-4AF7-852B-309F55882CA0}.AppStore|ARM.ActiveCfg = Release|Any CPU
		{93E4B0E5-54FC-4AF7-852B-309F55882CA0}.AppStore|ARM.Build.0 = Release|Any CPU
		{93E4B0E5-54FC-4AF7-852B-309F55882CA0}.AppStore|iPhone.ActiveCfg = Release|Any CPU
		{93E4B0E5-54FC-4AF7-852B-309F55882CA0}.AppStore|iPhone.Build.0 = Release|Any CPU
		{93E4B0E5-54FC-4AF7-852B-309F55882CA0}.AppStore|iPhoneSimulator.ActiveCfg = Release|Any CPU
		{93E4B0E5-54FC-4AF7-852B-309F55882CA0}.AppStore|iPhoneSimulator.Build.0 = Release|Any CPU
		{93E4B0E5-54FC-4AF7-852B-309F55882CA0}.AppStore|x64.ActiveCfg = Release|Any CPU
		{93E4B0E5-54FC-4AF7-852B-309F55882CA0}.AppStore|x64.Build.0 = Release|Any CPU
		{93E4B0E5-54FC-4AF7-852B-309F55882CA0}.AppStore|x86.ActiveCfg = Release|Any CPU
		{93E4B0E5-54FC-4AF7-852B-309F55882CA0}.AppStore|x86.Build.0 = Release|Any CPU
		{93E4B0E5-54FC-4AF7-852B-309F55882CA0}.Debug|Any CPU.ActiveCfg = Debug|Any CPU
		{93E4B0E5-54FC-4AF7-852B-309F55882CA0}.Debug|Any CPU.Build.0 = Debug|Any CPU
		{93E4B0E5-54FC-4AF7-852B-309F55882CA0}.Debug|ARM.ActiveCfg = Debug|Any CPU
		{93E4B0E5-54FC-4AF7-852B-309F55882CA0}.Debug|ARM.Build.0 = Debug|Any CPU
		{93E4B0E5-54FC-4AF7-852B-309F55882CA0}.Debug|iPhone.ActiveCfg = Debug|Any CPU
		{93E4B0E5-54FC-4AF7-852B-309F55882CA0}.Debug|iPhone.Build.0 = Debug|Any CPU
		{93E4B0E5-54FC-4AF7-852B-309F55882CA0}.Debug|iPhoneSimulator.ActiveCfg = Debug|Any CPU
		{93E4B0E5-54FC-4AF7-852B-309F55882CA0}.Debug|iPhoneSimulator.Build.0 = Debug|Any CPU
		{93E4B0E5-54FC-4AF7-852B-309F55882CA0}.Debug|x64.ActiveCfg = Debug|Any CPU
		{93E4B0E5-54FC-4AF7-852B-309F55882CA0}.Debug|x64.Build.0 = Debug|Any CPU
		{93E4B0E5-54FC-4AF7-852B-309F55882CA0}.Debug|x86.ActiveCfg = Debug|Any CPU
		{93E4B0E5-54FC-4AF7-852B-309F55882CA0}.Debug|x86.Build.0 = Debug|Any CPU
		{93E4B0E5-54FC-4AF7-852B-309F55882CA0}.Release|Any CPU.ActiveCfg = Release|Any CPU
		{93E4B0E5-54FC-4AF7-852B-309F55882CA0}.Release|Any CPU.Build.0 = Release|Any CPU
		{93E4B0E5-54FC-4AF7-852B-309F55882CA0}.Release|ARM.ActiveCfg = Release|Any CPU
		{93E4B0E5-54FC-4AF7-852B-309F55882CA0}.Release|ARM.Build.0 = Release|Any CPU
		{93E4B0E5-54FC-4AF7-852B-309F55882CA0}.Release|iPhone.ActiveCfg = Release|Any CPU
		{93E4B0E5-54FC-4AF7-852B-309F55882CA0}.Release|iPhone.Build.0 = Release|Any CPU
		{93E4B0E5-54FC-4AF7-852B-309F55882CA0}.Release|iPhoneSimulator.ActiveCfg = Release|Any CPU
		{93E4B0E5-54FC-4AF7-852B-309F55882CA0}.Release|iPhoneSimulator.Build.0 = Release|Any CPU
		{93E4B0E5-54FC-4AF7-852B-309F55882CA0}.Release|x64.ActiveCfg = Release|Any CPU
		{93E4B0E5-54FC-4AF7-852B-309F55882CA0}.Release|x64.Build.0 = Release|Any CPU
		{93E4B0E5-54FC-4AF7-852B-309F55882CA0}.Release|x86.ActiveCfg = Release|Any CPU
		{93E4B0E5-54FC-4AF7-852B-309F55882CA0}.Release|x86.Build.0 = Release|Any CPU
		{BEF52819-F2C9-4C8D-BF9D-54E46481D897}.Ad-Hoc|Any CPU.ActiveCfg = Release|Any CPU
		{BEF52819-F2C9-4C8D-BF9D-54E46481D897}.Ad-Hoc|Any CPU.Build.0 = Release|Any CPU
		{BEF52819-F2C9-4C8D-BF9D-54E46481D897}.Ad-Hoc|ARM.ActiveCfg = Release|Any CPU
		{BEF52819-F2C9-4C8D-BF9D-54E46481D897}.Ad-Hoc|ARM.Build.0 = Release|Any CPU
		{BEF52819-F2C9-4C8D-BF9D-54E46481D897}.Ad-Hoc|iPhone.ActiveCfg = Release|Any CPU
		{BEF52819-F2C9-4C8D-BF9D-54E46481D897}.Ad-Hoc|iPhone.Build.0 = Release|Any CPU
		{BEF52819-F2C9-4C8D-BF9D-54E46481D897}.Ad-Hoc|iPhoneSimulator.ActiveCfg = Release|Any CPU
		{BEF52819-F2C9-4C8D-BF9D-54E46481D897}.Ad-Hoc|iPhoneSimulator.Build.0 = Release|Any CPU
		{BEF52819-F2C9-4C8D-BF9D-54E46481D897}.Ad-Hoc|x64.ActiveCfg = Release|Any CPU
		{BEF52819-F2C9-4C8D-BF9D-54E46481D897}.Ad-Hoc|x64.Build.0 = Release|Any CPU
		{BEF52819-F2C9-4C8D-BF9D-54E46481D897}.Ad-Hoc|x86.ActiveCfg = Release|Any CPU
		{BEF52819-F2C9-4C8D-BF9D-54E46481D897}.Ad-Hoc|x86.Build.0 = Release|Any CPU
		{BEF52819-F2C9-4C8D-BF9D-54E46481D897}.AppStore|Any CPU.ActiveCfg = Release|Any CPU
		{BEF52819-F2C9-4C8D-BF9D-54E46481D897}.AppStore|Any CPU.Build.0 = Release|Any CPU
		{BEF52819-F2C9-4C8D-BF9D-54E46481D897}.AppStore|ARM.ActiveCfg = Release|Any CPU
		{BEF52819-F2C9-4C8D-BF9D-54E46481D897}.AppStore|ARM.Build.0 = Release|Any CPU
		{BEF52819-F2C9-4C8D-BF9D-54E46481D897}.AppStore|iPhone.ActiveCfg = Release|Any CPU
		{BEF52819-F2C9-4C8D-BF9D-54E46481D897}.AppStore|iPhone.Build.0 = Release|Any CPU
		{BEF52819-F2C9-4C8D-BF9D-54E46481D897}.AppStore|iPhoneSimulator.ActiveCfg = Release|Any CPU
		{BEF52819-F2C9-4C8D-BF9D-54E46481D897}.AppStore|iPhoneSimulator.Build.0 = Release|Any CPU
		{BEF52819-F2C9-4C8D-BF9D-54E46481D897}.AppStore|x64.ActiveCfg = Release|Any CPU
		{BEF52819-F2C9-4C8D-BF9D-54E46481D897}.AppStore|x64.Build.0 = Release|Any CPU
		{BEF52819-F2C9-4C8D-BF9D-54E46481D897}.AppStore|x86.ActiveCfg = Release|Any CPU
		{BEF52819-F2C9-4C8D-BF9D-54E46481D897}.AppStore|x86.Build.0 = Release|Any CPU
		{BEF52819-F2C9-4C8D-BF9D-54E46481D897}.Debug|Any CPU.ActiveCfg = Debug|Any CPU
		{BEF52819-F2C9-4C8D-BF9D-54E46481D897}.Debug|Any CPU.Build.0 = Debug|Any CPU
		{BEF52819-F2C9-4C8D-BF9D-54E46481D897}.Debug|ARM.ActiveCfg = Debug|Any CPU
		{BEF52819-F2C9-4C8D-BF9D-54E46481D897}.Debug|ARM.Build.0 = Debug|Any CPU
		{BEF52819-F2C9-4C8D-BF9D-54E46481D897}.Debug|iPhone.ActiveCfg = Debug|Any CPU
		{BEF52819-F2C9-4C8D-BF9D-54E46481D897}.Debug|iPhone.Build.0 = Debug|Any CPU
		{BEF52819-F2C9-4C8D-BF9D-54E46481D897}.Debug|iPhoneSimulator.ActiveCfg = Debug|Any CPU
		{BEF52819-F2C9-4C8D-BF9D-54E46481D897}.Debug|iPhoneSimulator.Build.0 = Debug|Any CPU
		{BEF52819-F2C9-4C8D-BF9D-54E46481D897}.Debug|x64.ActiveCfg = Debug|Any CPU
		{BEF52819-F2C9-4C8D-BF9D-54E46481D897}.Debug|x64.Build.0 = Debug|Any CPU
		{BEF52819-F2C9-4C8D-BF9D-54E46481D897}.Debug|x86.ActiveCfg = Debug|Any CPU
		{BEF52819-F2C9-4C8D-BF9D-54E46481D897}.Debug|x86.Build.0 = Debug|Any CPU
		{BEF52819-F2C9-4C8D-BF9D-54E46481D897}.Release|Any CPU.ActiveCfg = Release|Any CPU
		{BEF52819-F2C9-4C8D-BF9D-54E46481D897}.Release|Any CPU.Build.0 = Release|Any CPU
		{BEF52819-F2C9-4C8D-BF9D-54E46481D897}.Release|ARM.ActiveCfg = Release|Any CPU
		{BEF52819-F2C9-4C8D-BF9D-54E46481D897}.Release|ARM.Build.0 = Release|Any CPU
		{BEF52819-F2C9-4C8D-BF9D-54E46481D897}.Release|iPhone.ActiveCfg = Release|Any CPU
		{BEF52819-F2C9-4C8D-BF9D-54E46481D897}.Release|iPhone.Build.0 = Release|Any CPU
		{BEF52819-F2C9-4C8D-BF9D-54E46481D897}.Release|iPhoneSimulator.ActiveCfg = Release|Any CPU
		{BEF52819-F2C9-4C8D-BF9D-54E46481D897}.Release|iPhoneSimulator.Build.0 = Release|Any CPU
		{BEF52819-F2C9-4C8D-BF9D-54E46481D897}.Release|x64.ActiveCfg = Release|Any CPU
		{BEF52819-F2C9-4C8D-BF9D-54E46481D897}.Release|x64.Build.0 = Release|Any CPU
		{BEF52819-F2C9-4C8D-BF9D-54E46481D897}.Release|x86.ActiveCfg = Release|Any CPU
		{BEF52819-F2C9-4C8D-BF9D-54E46481D897}.Release|x86.Build.0 = Release|Any CPU
		{B5D579B7-7E9C-4CB5-9D89-AF9EEEA92141}.Ad-Hoc|Any CPU.ActiveCfg = Debug|Any CPU
		{B5D579B7-7E9C-4CB5-9D89-AF9EEEA92141}.Ad-Hoc|Any CPU.Build.0 = Debug|Any CPU
		{B5D579B7-7E9C-4CB5-9D89-AF9EEEA92141}.Ad-Hoc|ARM.ActiveCfg = Debug|Any CPU
		{B5D579B7-7E9C-4CB5-9D89-AF9EEEA92141}.Ad-Hoc|ARM.Build.0 = Debug|Any CPU
		{B5D579B7-7E9C-4CB5-9D89-AF9EEEA92141}.Ad-Hoc|iPhone.ActiveCfg = Debug|Any CPU
		{B5D579B7-7E9C-4CB5-9D89-AF9EEEA92141}.Ad-Hoc|iPhone.Build.0 = Debug|Any CPU
		{B5D579B7-7E9C-4CB5-9D89-AF9EEEA92141}.Ad-Hoc|iPhoneSimulator.ActiveCfg = Debug|Any CPU
		{B5D579B7-7E9C-4CB5-9D89-AF9EEEA92141}.Ad-Hoc|iPhoneSimulator.Build.0 = Debug|Any CPU
		{B5D579B7-7E9C-4CB5-9D89-AF9EEEA92141}.Ad-Hoc|x64.ActiveCfg = Debug|Any CPU
		{B5D579B7-7E9C-4CB5-9D89-AF9EEEA92141}.Ad-Hoc|x64.Build.0 = Debug|Any CPU
		{B5D579B7-7E9C-4CB5-9D89-AF9EEEA92141}.Ad-Hoc|x86.ActiveCfg = Debug|Any CPU
		{B5D579B7-7E9C-4CB5-9D89-AF9EEEA92141}.Ad-Hoc|x86.Build.0 = Debug|Any CPU
		{B5D579B7-7E9C-4CB5-9D89-AF9EEEA92141}.AppStore|Any CPU.ActiveCfg = Debug|Any CPU
		{B5D579B7-7E9C-4CB5-9D89-AF9EEEA92141}.AppStore|Any CPU.Build.0 = Debug|Any CPU
		{B5D579B7-7E9C-4CB5-9D89-AF9EEEA92141}.AppStore|ARM.ActiveCfg = Debug|Any CPU
		{B5D579B7-7E9C-4CB5-9D89-AF9EEEA92141}.AppStore|ARM.Build.0 = Debug|Any CPU
		{B5D579B7-7E9C-4CB5-9D89-AF9EEEA92141}.AppStore|iPhone.ActiveCfg = Debug|Any CPU
		{B5D579B7-7E9C-4CB5-9D89-AF9EEEA92141}.AppStore|iPhone.Build.0 = Debug|Any CPU
		{B5D579B7-7E9C-4CB5-9D89-AF9EEEA92141}.AppStore|iPhoneSimulator.ActiveCfg = Debug|Any CPU
		{B5D579B7-7E9C-4CB5-9D89-AF9EEEA92141}.AppStore|iPhoneSimulator.Build.0 = Debug|Any CPU
		{B5D579B7-7E9C-4CB5-9D89-AF9EEEA92141}.AppStore|x64.ActiveCfg = Debug|Any CPU
		{B5D579B7-7E9C-4CB5-9D89-AF9EEEA92141}.AppStore|x64.Build.0 = Debug|Any CPU
		{B5D579B7-7E9C-4CB5-9D89-AF9EEEA92141}.AppStore|x86.ActiveCfg = Debug|Any CPU
		{B5D579B7-7E9C-4CB5-9D89-AF9EEEA92141}.AppStore|x86.Build.0 = Debug|Any CPU
		{B5D579B7-7E9C-4CB5-9D89-AF9EEEA92141}.Debug|Any CPU.ActiveCfg = Debug|Any CPU
		{B5D579B7-7E9C-4CB5-9D89-AF9EEEA92141}.Debug|Any CPU.Build.0 = Debug|Any CPU
		{B5D579B7-7E9C-4CB5-9D89-AF9EEEA92141}.Debug|ARM.ActiveCfg = Debug|Any CPU
		{B5D579B7-7E9C-4CB5-9D89-AF9EEEA92141}.Debug|ARM.Build.0 = Debug|Any CPU
		{B5D579B7-7E9C-4CB5-9D89-AF9EEEA92141}.Debug|iPhone.ActiveCfg = Debug|Any CPU
		{B5D579B7-7E9C-4CB5-9D89-AF9EEEA92141}.Debug|iPhone.Build.0 = Debug|Any CPU
		{B5D579B7-7E9C-4CB5-9D89-AF9EEEA92141}.Debug|iPhoneSimulator.ActiveCfg = Debug|Any CPU
		{B5D579B7-7E9C-4CB5-9D89-AF9EEEA92141}.Debug|iPhoneSimulator.Build.0 = Debug|Any CPU
		{B5D579B7-7E9C-4CB5-9D89-AF9EEEA92141}.Debug|x64.ActiveCfg = Debug|Any CPU
		{B5D579B7-7E9C-4CB5-9D89-AF9EEEA92141}.Debug|x64.Build.0 = Debug|Any CPU
		{B5D579B7-7E9C-4CB5-9D89-AF9EEEA92141}.Debug|x86.ActiveCfg = Debug|Any CPU
		{B5D579B7-7E9C-4CB5-9D89-AF9EEEA92141}.Debug|x86.Build.0 = Debug|Any CPU
		{B5D579B7-7E9C-4CB5-9D89-AF9EEEA92141}.Release|Any CPU.ActiveCfg = Release|Any CPU
		{B5D579B7-7E9C-4CB5-9D89-AF9EEEA92141}.Release|Any CPU.Build.0 = Release|Any CPU
		{B5D579B7-7E9C-4CB5-9D89-AF9EEEA92141}.Release|ARM.ActiveCfg = Release|Any CPU
		{B5D579B7-7E9C-4CB5-9D89-AF9EEEA92141}.Release|ARM.Build.0 = Release|Any CPU
		{B5D579B7-7E9C-4CB5-9D89-AF9EEEA92141}.Release|iPhone.ActiveCfg = Release|Any CPU
		{B5D579B7-7E9C-4CB5-9D89-AF9EEEA92141}.Release|iPhone.Build.0 = Release|Any CPU
		{B5D579B7-7E9C-4CB5-9D89-AF9EEEA92141}.Release|iPhoneSimulator.ActiveCfg = Release|Any CPU
		{B5D579B7-7E9C-4CB5-9D89-AF9EEEA92141}.Release|iPhoneSimulator.Build.0 = Release|Any CPU
		{B5D579B7-7E9C-4CB5-9D89-AF9EEEA92141}.Release|x64.ActiveCfg = Release|Any CPU
		{B5D579B7-7E9C-4CB5-9D89-AF9EEEA92141}.Release|x64.Build.0 = Release|Any CPU
		{B5D579B7-7E9C-4CB5-9D89-AF9EEEA92141}.Release|x86.ActiveCfg = Release|Any CPU
		{B5D579B7-7E9C-4CB5-9D89-AF9EEEA92141}.Release|x86.Build.0 = Release|Any CPU
		{64ECF548-E3E9-4660-94BF-AD4A1C1A2F7B}.Ad-Hoc|Any CPU.ActiveCfg = Debug|Any CPU
		{64ECF548-E3E9-4660-94BF-AD4A1C1A2F7B}.Ad-Hoc|Any CPU.Build.0 = Debug|Any CPU
		{64ECF548-E3E9-4660-94BF-AD4A1C1A2F7B}.Ad-Hoc|Any CPU.Deploy.0 = Debug|Any CPU
		{64ECF548-E3E9-4660-94BF-AD4A1C1A2F7B}.Ad-Hoc|ARM.ActiveCfg = Debug|Any CPU
		{64ECF548-E3E9-4660-94BF-AD4A1C1A2F7B}.Ad-Hoc|ARM.Build.0 = Debug|Any CPU
		{64ECF548-E3E9-4660-94BF-AD4A1C1A2F7B}.Ad-Hoc|ARM.Deploy.0 = Debug|Any CPU
		{64ECF548-E3E9-4660-94BF-AD4A1C1A2F7B}.Ad-Hoc|iPhone.ActiveCfg = Debug|Any CPU
		{64ECF548-E3E9-4660-94BF-AD4A1C1A2F7B}.Ad-Hoc|iPhone.Build.0 = Debug|Any CPU
		{64ECF548-E3E9-4660-94BF-AD4A1C1A2F7B}.Ad-Hoc|iPhone.Deploy.0 = Debug|Any CPU
		{64ECF548-E3E9-4660-94BF-AD4A1C1A2F7B}.Ad-Hoc|iPhoneSimulator.ActiveCfg = Debug|Any CPU
		{64ECF548-E3E9-4660-94BF-AD4A1C1A2F7B}.Ad-Hoc|iPhoneSimulator.Build.0 = Debug|Any CPU
		{64ECF548-E3E9-4660-94BF-AD4A1C1A2F7B}.Ad-Hoc|iPhoneSimulator.Deploy.0 = Debug|Any CPU
		{64ECF548-E3E9-4660-94BF-AD4A1C1A2F7B}.Ad-Hoc|x64.ActiveCfg = Debug|Any CPU
		{64ECF548-E3E9-4660-94BF-AD4A1C1A2F7B}.Ad-Hoc|x64.Build.0 = Debug|Any CPU
		{64ECF548-E3E9-4660-94BF-AD4A1C1A2F7B}.Ad-Hoc|x64.Deploy.0 = Debug|Any CPU
		{64ECF548-E3E9-4660-94BF-AD4A1C1A2F7B}.Ad-Hoc|x86.ActiveCfg = Debug|Any CPU
		{64ECF548-E3E9-4660-94BF-AD4A1C1A2F7B}.Ad-Hoc|x86.Build.0 = Debug|Any CPU
		{64ECF548-E3E9-4660-94BF-AD4A1C1A2F7B}.Ad-Hoc|x86.Deploy.0 = Debug|Any CPU
		{64ECF548-E3E9-4660-94BF-AD4A1C1A2F7B}.AppStore|Any CPU.ActiveCfg = Debug|Any CPU
		{64ECF548-E3E9-4660-94BF-AD4A1C1A2F7B}.AppStore|Any CPU.Build.0 = Debug|Any CPU
		{64ECF548-E3E9-4660-94BF-AD4A1C1A2F7B}.AppStore|Any CPU.Deploy.0 = Debug|Any CPU
		{64ECF548-E3E9-4660-94BF-AD4A1C1A2F7B}.AppStore|ARM.ActiveCfg = Debug|Any CPU
		{64ECF548-E3E9-4660-94BF-AD4A1C1A2F7B}.AppStore|ARM.Build.0 = Debug|Any CPU
		{64ECF548-E3E9-4660-94BF-AD4A1C1A2F7B}.AppStore|ARM.Deploy.0 = Debug|Any CPU
		{64ECF548-E3E9-4660-94BF-AD4A1C1A2F7B}.AppStore|iPhone.ActiveCfg = Debug|Any CPU
		{64ECF548-E3E9-4660-94BF-AD4A1C1A2F7B}.AppStore|iPhone.Build.0 = Debug|Any CPU
		{64ECF548-E3E9-4660-94BF-AD4A1C1A2F7B}.AppStore|iPhone.Deploy.0 = Debug|Any CPU
		{64ECF548-E3E9-4660-94BF-AD4A1C1A2F7B}.AppStore|iPhoneSimulator.ActiveCfg = Debug|Any CPU
		{64ECF548-E3E9-4660-94BF-AD4A1C1A2F7B}.AppStore|iPhoneSimulator.Build.0 = Debug|Any CPU
		{64ECF548-E3E9-4660-94BF-AD4A1C1A2F7B}.AppStore|iPhoneSimulator.Deploy.0 = Debug|Any CPU
		{64ECF548-E3E9-4660-94BF-AD4A1C1A2F7B}.AppStore|x64.ActiveCfg = Debug|Any CPU
		{64ECF548-E3E9-4660-94BF-AD4A1C1A2F7B}.AppStore|x64.Build.0 = Debug|Any CPU
		{64ECF548-E3E9-4660-94BF-AD4A1C1A2F7B}.AppStore|x64.Deploy.0 = Debug|Any CPU
		{64ECF548-E3E9-4660-94BF-AD4A1C1A2F7B}.AppStore|x86.ActiveCfg = Debug|Any CPU
		{64ECF548-E3E9-4660-94BF-AD4A1C1A2F7B}.AppStore|x86.Build.0 = Debug|Any CPU
		{64ECF548-E3E9-4660-94BF-AD4A1C1A2F7B}.AppStore|x86.Deploy.0 = Debug|Any CPU
		{64ECF548-E3E9-4660-94BF-AD4A1C1A2F7B}.Debug|Any CPU.ActiveCfg = Debug|Any CPU
		{64ECF548-E3E9-4660-94BF-AD4A1C1A2F7B}.Debug|Any CPU.Build.0 = Debug|Any CPU
		{64ECF548-E3E9-4660-94BF-AD4A1C1A2F7B}.Debug|Any CPU.Deploy.0 = Debug|Any CPU
		{64ECF548-E3E9-4660-94BF-AD4A1C1A2F7B}.Debug|ARM.ActiveCfg = Debug|Any CPU
		{64ECF548-E3E9-4660-94BF-AD4A1C1A2F7B}.Debug|ARM.Build.0 = Debug|Any CPU
		{64ECF548-E3E9-4660-94BF-AD4A1C1A2F7B}.Debug|ARM.Deploy.0 = Debug|Any CPU
		{64ECF548-E3E9-4660-94BF-AD4A1C1A2F7B}.Debug|iPhone.ActiveCfg = Debug|Any CPU
		{64ECF548-E3E9-4660-94BF-AD4A1C1A2F7B}.Debug|iPhone.Build.0 = Debug|Any CPU
		{64ECF548-E3E9-4660-94BF-AD4A1C1A2F7B}.Debug|iPhone.Deploy.0 = Debug|Any CPU
		{64ECF548-E3E9-4660-94BF-AD4A1C1A2F7B}.Debug|iPhoneSimulator.ActiveCfg = Debug|Any CPU
		{64ECF548-E3E9-4660-94BF-AD4A1C1A2F7B}.Debug|iPhoneSimulator.Build.0 = Debug|Any CPU
		{64ECF548-E3E9-4660-94BF-AD4A1C1A2F7B}.Debug|iPhoneSimulator.Deploy.0 = Debug|Any CPU
		{64ECF548-E3E9-4660-94BF-AD4A1C1A2F7B}.Debug|x64.ActiveCfg = Debug|Any CPU
		{64ECF548-E3E9-4660-94BF-AD4A1C1A2F7B}.Debug|x64.Build.0 = Debug|Any CPU
		{64ECF548-E3E9-4660-94BF-AD4A1C1A2F7B}.Debug|x64.Deploy.0 = Debug|Any CPU
		{64ECF548-E3E9-4660-94BF-AD4A1C1A2F7B}.Debug|x86.ActiveCfg = Debug|Any CPU
		{64ECF548-E3E9-4660-94BF-AD4A1C1A2F7B}.Debug|x86.Build.0 = Debug|Any CPU
		{64ECF548-E3E9-4660-94BF-AD4A1C1A2F7B}.Debug|x86.Deploy.0 = Debug|Any CPU
		{64ECF548-E3E9-4660-94BF-AD4A1C1A2F7B}.Release|Any CPU.ActiveCfg = Release|Any CPU
		{64ECF548-E3E9-4660-94BF-AD4A1C1A2F7B}.Release|Any CPU.Build.0 = Release|Any CPU
		{64ECF548-E3E9-4660-94BF-AD4A1C1A2F7B}.Release|Any CPU.Deploy.0 = Release|Any CPU
		{64ECF548-E3E9-4660-94BF-AD4A1C1A2F7B}.Release|ARM.ActiveCfg = Release|Any CPU
		{64ECF548-E3E9-4660-94BF-AD4A1C1A2F7B}.Release|ARM.Build.0 = Release|Any CPU
		{64ECF548-E3E9-4660-94BF-AD4A1C1A2F7B}.Release|ARM.Deploy.0 = Release|Any CPU
		{64ECF548-E3E9-4660-94BF-AD4A1C1A2F7B}.Release|iPhone.ActiveCfg = Release|Any CPU
		{64ECF548-E3E9-4660-94BF-AD4A1C1A2F7B}.Release|iPhone.Build.0 = Release|Any CPU
		{64ECF548-E3E9-4660-94BF-AD4A1C1A2F7B}.Release|iPhone.Deploy.0 = Release|Any CPU
		{64ECF548-E3E9-4660-94BF-AD4A1C1A2F7B}.Release|iPhoneSimulator.ActiveCfg = Release|Any CPU
		{64ECF548-E3E9-4660-94BF-AD4A1C1A2F7B}.Release|iPhoneSimulator.Build.0 = Release|Any CPU
		{64ECF548-E3E9-4660-94BF-AD4A1C1A2F7B}.Release|iPhoneSimulator.Deploy.0 = Release|Any CPU
		{64ECF548-E3E9-4660-94BF-AD4A1C1A2F7B}.Release|x64.ActiveCfg = Release|Any CPU
		{64ECF548-E3E9-4660-94BF-AD4A1C1A2F7B}.Release|x64.Build.0 = Release|Any CPU
		{64ECF548-E3E9-4660-94BF-AD4A1C1A2F7B}.Release|x64.Deploy.0 = Release|Any CPU
		{64ECF548-E3E9-4660-94BF-AD4A1C1A2F7B}.Release|x86.ActiveCfg = Release|Any CPU
		{64ECF548-E3E9-4660-94BF-AD4A1C1A2F7B}.Release|x86.Build.0 = Release|Any CPU
		{64ECF548-E3E9-4660-94BF-AD4A1C1A2F7B}.Release|x86.Deploy.0 = Release|Any CPU
	EndGlobalSection
	GlobalSection(SolutionProperties) = preSolution
		HideSolutionNode = FALSE
	EndGlobalSection
	GlobalSection(NestedProjects) = preSolution
		{B5D579B7-7E9C-4CB5-9D89-AF9EEEA92141} = {F97D6AA8-720A-4A7B-8FEC-3682F366386B}
		{64ECF548-E3E9-4660-94BF-AD4A1C1A2F7B} = {F97D6AA8-720A-4A7B-8FEC-3682F366386B}
	EndGlobalSection
	GlobalSection(ExtensibilityGlobals) = postSolution
		SolutionGuid = {44AA2024-2D48-47D2-BB34-DF0B404179CA}
	EndGlobalSection
EndGlobal
