
Microsoft Visual Studio Solution File, Format Version 12.00
# Visual Studio Version 16
VisualStudioVersion = 16.0.29806.167
MinimumVisualStudioVersion = 10.0.40219.1
Project("{FAE04EC0-301F-11D3-BF4B-00C04F79EFBC}") = "NugetTestApp.Android", "NugetTestApp\NugetTestApp.Android\NugetTestApp.Android.csproj", "{6B05537D-927F-478E-8B88-AC8B56F0E308}"
EndProject
Project("{FAE04EC0-301F-11D3-BF4B-00C04F79EFBC}") = "NugetTestApp.iOS", "NugetTestApp\NugetTestApp.iOS\NugetTestApp.iOS.csproj", "{859608E0-FE57-4BF7-80A6-D44D18581CFC}"
EndProject
Project("{9A19103F-16F7-4668-BE54-9A1E7A4F7556}") = "NugetTestApp", "NugetTestApp\NugetTestApp\NugetTestApp.csproj", "{D7E48DB6-316A-42AC-896D-7EF66DDF152B}"
EndProject
Global
	GlobalSection(SolutionConfigurationPlatforms) = preSolution
		Ad-Hoc|Any CPU = Ad-Hoc|Any CPU
		Ad-Hoc|ARM = Ad-Hoc|ARM
		Ad-Hoc|iPhone = Ad-Hoc|iPhone
		Ad-Hoc|iPhoneSimulator = Ad-Hoc|iPhoneSimulator
		Ad-Hoc|x64 = Ad-Hoc|x64
		Ad-Hoc|x86 = Ad-Hoc|x86
		AppStore|Any CPU = AppStore|Any CPU
		AppStore|ARM = AppStore|ARM
		AppStore|iPhone = AppStore|iPhone
		AppStore|iPhoneSimulator = AppStore|iPhoneSimulator
		AppStore|x64 = AppStore|x64
		AppStore|x86 = AppStore|x86
		Debug|Any CPU = Debug|Any CPU
		Debug|ARM = Debug|ARM
		Debug|iPhone = Debug|iPhone
		Debug|iPhoneSimulator = Debug|iPhoneSimulator
		Debug|x64 = Debug|x64
		Debug|x86 = Debug|x86
		Release|Any CPU = Release|Any CPU
		Release|ARM = Release|ARM
		Release|iPhone = Release|iPhone
		Release|iPhoneSimulator = Release|iPhoneSimulator
		Release|x64 = Release|x64
		Release|x86 = Release|x86
	EndGlobalSection
	GlobalSection(ProjectConfigurationPlatforms) = postSolution
		{6B05537D-927F-478E-8B88-AC8B56F0E308}.Ad-Hoc|Any CPU.ActiveCfg = Release|Any CPU
		{6B05537D-927F-478E-8B88-AC8B56F0E308}.Ad-Hoc|Any CPU.Build.0 = Release|Any CPU
		{6B05537D-927F-478E-8B88-AC8B56F0E308}.Ad-Hoc|Any CPU.Deploy.0 = Release|Any CPU
		{6B05537D-927F-478E-8B88-AC8B56F0E308}.Ad-Hoc|ARM.ActiveCfg = Release|Any CPU
		{6B05537D-927F-478E-8B88-AC8B56F0E308}.Ad-Hoc|ARM.Build.0 = Release|Any CPU
		{6B05537D-927F-478E-8B88-AC8B56F0E308}.Ad-Hoc|ARM.Deploy.0 = Release|Any CPU
		{6B05537D-927F-478E-8B88-AC8B56F0E308}.Ad-Hoc|iPhone.ActiveCfg = Release|Any CPU
		{6B05537D-927F-478E-8B88-AC8B56F0E308}.Ad-Hoc|iPhone.Build.0 = Release|Any CPU
		{6B05537D-927F-478E-8B88-AC8B56F0E308}.Ad-Hoc|iPhone.Deploy.0 = Release|Any CPU
		{6B05537D-927F-478E-8B88-AC8B56F0E308}.Ad-Hoc|iPhoneSimulator.ActiveCfg = Release|Any CPU
		{6B05537D-927F-478E-8B88-AC8B56F0E308}.Ad-Hoc|iPhoneSimulator.Build.0 = Release|Any CPU
		{6B05537D-927F-478E-8B88-AC8B56F0E308}.Ad-Hoc|iPhoneSimulator.Deploy.0 = Release|Any CPU
		{6B05537D-927F-478E-8B88-AC8B56F0E308}.Ad-Hoc|x64.ActiveCfg = Release|Any CPU
		{6B05537D-927F-478E-8B88-AC8B56F0E308}.Ad-Hoc|x64.Build.0 = Release|Any CPU
		{6B05537D-927F-478E-8B88-AC8B56F0E308}.Ad-Hoc|x64.Deploy.0 = Release|Any CPU
		{6B05537D-927F-478E-8B88-AC8B56F0E308}.Ad-Hoc|x86.ActiveCfg = Release|Any CPU
		{6B05537D-927F-478E-8B88-AC8B56F0E308}.Ad-Hoc|x86.Build.0 = Release|Any CPU
		{6B05537D-927F-478E-8B88-AC8B56F0E308}.Ad-Hoc|x86.Deploy.0 = Release|Any CPU
		{6B05537D-927F-478E-8B88-AC8B56F0E308}.AppStore|Any CPU.ActiveCfg = Release|Any CPU
		{6B05537D-927F-478E-8B88-AC8B56F0E308}.AppStore|Any CPU.Build.0 = Release|Any CPU
		{6B05537D-927F-478E-8B88-AC8B56F0E308}.AppStore|Any CPU.Deploy.0 = Release|Any CPU
		{6B05537D-927F-478E-8B88-AC8B56F0E308}.AppStore|ARM.ActiveCfg = Release|Any CPU
		{6B05537D-927F-478E-8B88-AC8B56F0E308}.AppStore|ARM.Build.0 = Release|Any CPU
		{6B05537D-927F-478E-8B88-AC8B56F0E308}.AppStore|ARM.Deploy.0 = Release|Any CPU
		{6B05537D-927F-478E-8B88-AC8B56F0E308}.AppStore|iPhone.ActiveCfg = Release|Any CPU
		{6B05537D-927F-478E-8B88-AC8B56F0E308}.AppStore|iPhone.Build.0 = Release|Any CPU
		{6B05537D-927F-478E-8B88-AC8B56F0E308}.AppStore|iPhone.Deploy.0 = Release|Any CPU
		{6B05537D-927F-478E-8B88-AC8B56F0E308}.AppStore|iPhoneSimulator.ActiveCfg = Release|Any CPU
		{6B05537D-927F-478E-8B88-AC8B56F0E308}.AppStore|iPhoneSimulator.Build.0 = Release|Any CPU
		{6B05537D-927F-478E-8B88-AC8B56F0E308}.AppStore|iPhoneSimulator.Deploy.0 = Release|Any CPU
		{6B05537D-927F-478E-8B88-AC8B56F0E308}.AppStore|x64.ActiveCfg = Release|Any CPU
		{6B05537D-927F-478E-8B88-AC8B56F0E308}.AppStore|x64.Build.0 = Release|Any CPU
		{6B05537D-927F-478E-8B88-AC8B56F0E308}.AppStore|x64.Deploy.0 = Release|Any CPU
		{6B05537D-927F-478E-8B88-AC8B56F0E308}.AppStore|x86.ActiveCfg = Release|Any CPU
		{6B05537D-927F-478E-8B88-AC8B56F0E308}.AppStore|x86.Build.0 = Release|Any CPU
		{6B05537D-927F-478E-8B88-AC8B56F0E308}.AppStore|x86.Deploy.0 = Release|Any CPU
		{6B05537D-927F-478E-8B88-AC8B56F0E308}.Debug|Any CPU.ActiveCfg = Debug|Any CPU
		{6B05537D-927F-478E-8B88-AC8B56F0E308}.Debug|Any CPU.Build.0 = Debug|Any CPU
		{6B05537D-927F-478E-8B88-AC8B56F0E308}.Debug|Any CPU.Deploy.0 = Debug|Any CPU
		{6B05537D-927F-478E-8B88-AC8B56F0E308}.Debug|ARM.ActiveCfg = Debug|Any CPU
		{6B05537D-927F-478E-8B88-AC8B56F0E308}.Debug|ARM.Build.0 = Debug|Any CPU
		{6B05537D-927F-478E-8B88-AC8B56F0E308}.Debug|ARM.Deploy.0 = Debug|Any CPU
		{6B05537D-927F-478E-8B88-AC8B56F0E308}.Debug|iPhone.ActiveCfg = Debug|Any CPU
		{6B05537D-927F-478E-8B88-AC8B56F0E308}.Debug|iPhone.Build.0 = Debug|Any CPU
		{6B05537D-927F-478E-8B88-AC8B56F0E308}.Debug|iPhone.Deploy.0 = Debug|Any CPU
		{6B05537D-927F-478E-8B88-AC8B56F0E308}.Debug|iPhoneSimulator.ActiveCfg = Debug|Any CPU
		{6B05537D-927F-478E-8B88-AC8B56F0E308}.Debug|iPhoneSimulator.Build.0 = Debug|Any CPU
		{6B05537D-927F-478E-8B88-AC8B56F0E308}.Debug|iPhoneSimulator.Deploy.0 = Debug|Any CPU
		{6B05537D-927F-478E-8B88-AC8B56F0E308}.Debug|x64.ActiveCfg = Debug|Any CPU
		{6B05537D-927F-478E-8B88-AC8B56F0E308}.Debug|x64.Build.0 = Debug|Any CPU
		{6B05537D-927F-478E-8B88-AC8B56F0E308}.Debug|x64.Deploy.0 = Debug|Any CPU
		{6B05537D-927F-478E-8B88-AC8B56F0E308}.Debug|x86.ActiveCfg = Debug|Any CPU
		{6B05537D-927F-478E-8B88-AC8B56F0E308}.Debug|x86.Build.0 = Debug|Any CPU
		{6B05537D-927F-478E-8B88-AC8B56F0E308}.Debug|x86.Deploy.0 = Debug|Any CPU
		{6B05537D-927F-478E-8B88-AC8B56F0E308}.Release|Any CPU.ActiveCfg = Release|Any CPU
		{6B05537D-927F-478E-8B88-AC8B56F0E308}.Release|Any CPU.Build.0 = Release|Any CPU
		{6B05537D-927F-478E-8B88-AC8B56F0E308}.Release|Any CPU.Deploy.0 = Release|Any CPU
		{6B05537D-927F-478E-8B88-AC8B56F0E308}.Release|ARM.ActiveCfg = Release|Any CPU
		{6B05537D-927F-478E-8B88-AC8B56F0E308}.Release|ARM.Build.0 = Release|Any CPU
		{6B05537D-927F-478E-8B88-AC8B56F0E308}.Release|ARM.Deploy.0 = Release|Any CPU
		{6B05537D-927F-478E-8B88-AC8B56F0E308}.Release|iPhone.ActiveCfg = Release|Any CPU
		{6B05537D-927F-478E-8B88-AC8B56F0E308}.Release|iPhone.Build.0 = Release|Any CPU
		{6B05537D-927F-478E-8B88-AC8B56F0E308}.Release|iPhone.Deploy.0 = Release|Any CPU
		{6B05537D-927F-478E-8B88-AC8B56F0E308}.Release|iPhoneSimulator.ActiveCfg = Release|Any CPU
		{6B05537D-927F-478E-8B88-AC8B56F0E308}.Release|iPhoneSimulator.Build.0 = Release|Any CPU
		{6B05537D-927F-478E-8B88-AC8B56F0E308}.Release|iPhoneSimulator.Deploy.0 = Release|Any CPU
		{6B05537D-927F-478E-8B88-AC8B56F0E308}.Release|x64.ActiveCfg = Release|Any CPU
		{6B05537D-927F-478E-8B88-AC8B56F0E308}.Release|x64.Build.0 = Release|Any CPU
		{6B05537D-927F-478E-8B88-AC8B56F0E308}.Release|x64.Deploy.0 = Release|Any CPU
		{6B05537D-927F-478E-8B88-AC8B56F0E308}.Release|x86.ActiveCfg = Release|Any CPU
		{6B05537D-927F-478E-8B88-AC8B56F0E308}.Release|x86.Build.0 = Release|Any CPU
		{6B05537D-927F-478E-8B88-AC8B56F0E308}.Release|x86.Deploy.0 = Release|Any CPU
		{859608E0-FE57-4BF7-80A6-D44D18581CFC}.Ad-Hoc|Any CPU.ActiveCfg = Ad-Hoc|iPhone
		{859608E0-FE57-4BF7-80A6-D44D18581CFC}.Ad-Hoc|Any CPU.Build.0 = Ad-Hoc|iPhone
		{859608E0-FE57-4BF7-80A6-D44D18581CFC}.Ad-Hoc|Any CPU.Deploy.0 = Ad-Hoc|iPhone
		{859608E0-FE57-4BF7-80A6-D44D18581CFC}.Ad-Hoc|ARM.ActiveCfg = Ad-Hoc|iPhone
		{859608E0-FE57-4BF7-80A6-D44D18581CFC}.Ad-Hoc|ARM.Build.0 = Ad-Hoc|iPhone
		{859608E0-FE57-4BF7-80A6-D44D18581CFC}.Ad-Hoc|ARM.Deploy.0 = Ad-Hoc|iPhone
		{859608E0-FE57-4BF7-80A6-D44D18581CFC}.Ad-Hoc|iPhone.ActiveCfg = Ad-Hoc|iPhone
		{859608E0-FE57-4BF7-80A6-D44D18581CFC}.Ad-Hoc|iPhone.Build.0 = Ad-Hoc|iPhone
		{859608E0-FE57-4BF7-80A6-D44D18581CFC}.Ad-Hoc|iPhone.Deploy.0 = Ad-Hoc|iPhone
		{859608E0-FE57-4BF7-80A6-D44D18581CFC}.Ad-Hoc|iPhoneSimulator.ActiveCfg = Ad-Hoc|iPhoneSimulator
		{859608E0-FE57-4BF7-80A6-D44D18581CFC}.Ad-Hoc|iPhoneSimulator.Build.0 = Ad-Hoc|iPhoneSimulator
		{859608E0-FE57-4BF7-80A6-D44D18581CFC}.Ad-Hoc|iPhoneSimulator.Deploy.0 = Ad-Hoc|iPhoneSimulator
		{859608E0-FE57-4BF7-80A6-D44D18581CFC}.Ad-Hoc|x64.ActiveCfg = Ad-Hoc|iPhone
		{859608E0-FE57-4BF7-80A6-D44D18581CFC}.Ad-Hoc|x64.Build.0 = Ad-Hoc|iPhone
		{859608E0-FE57-4BF7-80A6-D44D18581CFC}.Ad-Hoc|x64.Deploy.0 = Ad-Hoc|iPhone
		{859608E0-FE57-4BF7-80A6-D44D18581CFC}.Ad-Hoc|x86.ActiveCfg = Ad-Hoc|iPhone
		{859608E0-FE57-4BF7-80A6-D44D18581CFC}.Ad-Hoc|x86.Build.0 = Ad-Hoc|iPhone
		{859608E0-FE57-4BF7-80A6-D44D18581CFC}.Ad-Hoc|x86.Deploy.0 = Ad-Hoc|iPhone
		{859608E0-FE57-4BF7-80A6-D44D18581CFC}.AppStore|Any CPU.ActiveCfg = AppStore|iPhone
		{859608E0-FE57-4BF7-80A6-D44D18581CFC}.AppStore|Any CPU.Build.0 = AppStore|iPhone
		{859608E0-FE57-4BF7-80A6-D44D18581CFC}.AppStore|Any CPU.Deploy.0 = AppStore|iPhone
		{859608E0-FE57-4BF7-80A6-D44D18581CFC}.AppStore|ARM.ActiveCfg = AppStore|iPhone
		{859608E0-FE57-4BF7-80A6-D44D18581CFC}.AppStore|ARM.Build.0 = AppStore|iPhone
		{859608E0-FE57-4BF7-80A6-D44D18581CFC}.AppStore|ARM.Deploy.0 = AppStore|iPhone
		{859608E0-FE57-4BF7-80A6-D44D18581CFC}.AppStore|iPhone.ActiveCfg = AppStore|iPhone
		{859608E0-FE57-4BF7-80A6-D44D18581CFC}.AppStore|iPhone.Build.0 = AppStore|iPhone
		{859608E0-FE57-4BF7-80A6-D44D18581CFC}.AppStore|iPhone.Deploy.0 = AppStore|iPhone
		{859608E0-FE57-4BF7-80A6-D44D18581CFC}.AppStore|iPhoneSimulator.ActiveCfg = AppStore|iPhoneSimulator
		{859608E0-FE57-4BF7-80A6-D44D18581CFC}.AppStore|iPhoneSimulator.Build.0 = AppStore|iPhoneSimulator
		{859608E0-FE57-4BF7-80A6-D44D18581CFC}.AppStore|iPhoneSimulator.Deploy.0 = AppStore|iPhoneSimulator
		{859608E0-FE57-4BF7-80A6-D44D18581CFC}.AppStore|x64.ActiveCfg = AppStore|iPhone
		{859608E0-FE57-4BF7-80A6-D44D18581CFC}.AppStore|x64.Build.0 = AppStore|iPhone
		{859608E0-FE57-4BF7-80A6-D44D18581CFC}.AppStore|x64.Deploy.0 = AppStore|iPhone
		{859608E0-FE57-4BF7-80A6-D44D18581CFC}.AppStore|x86.ActiveCfg = AppStore|iPhone
		{859608E0-FE57-4BF7-80A6-D44D18581CFC}.AppStore|x86.Build.0 = AppStore|iPhone
		{859608E0-FE57-4BF7-80A6-D44D18581CFC}.AppStore|x86.Deploy.0 = AppStore|iPhone
		{859608E0-FE57-4BF7-80A6-D44D18581CFC}.Debug|Any CPU.ActiveCfg = Debug|iPhoneSimulator
		{859608E0-FE57-4BF7-80A6-D44D18581CFC}.Debug|Any CPU.Build.0 = Debug|iPhoneSimulator
		{859608E0-FE57-4BF7-80A6-D44D18581CFC}.Debug|Any CPU.Deploy.0 = Debug|iPhoneSimulator
		{859608E0-FE57-4BF7-80A6-D44D18581CFC}.Debug|ARM.ActiveCfg = Debug|iPhone
		{859608E0-FE57-4BF7-80A6-D44D18581CFC}.Debug|ARM.Build.0 = Debug|iPhone
		{859608E0-FE57-4BF7-80A6-D44D18581CFC}.Debug|ARM.Deploy.0 = Debug|iPhone
		{859608E0-FE57-4BF7-80A6-D44D18581CFC}.Debug|iPhone.ActiveCfg = Debug|iPhone
		{859608E0-FE57-4BF7-80A6-D44D18581CFC}.Debug|iPhone.Build.0 = Debug|iPhone
		{859608E0-FE57-4BF7-80A6-D44D18581CFC}.Debug|iPhone.Deploy.0 = Debug|iPhone
		{859608E0-FE57-4BF7-80A6-D44D18581CFC}.Debug|iPhoneSimulator.ActiveCfg = Debug|iPhoneSimulator
		{859608E0-FE57-4BF7-80A6-D44D18581CFC}.Debug|iPhoneSimulator.Build.0 = Debug|iPhoneSimulator
		{859608E0-FE57-4BF7-80A6-D44D18581CFC}.Debug|iPhoneSimulator.Deploy.0 = Debug|iPhoneSimulator
		{859608E0-FE57-4BF7-80A6-D44D18581CFC}.Debug|x64.ActiveCfg = Debug|iPhone
		{859608E0-FE57-4BF7-80A6-D44D18581CFC}.Debug|x64.Build.0 = Debug|iPhone
		{859608E0-FE57-4BF7-80A6-D44D18581CFC}.Debug|x64.Deploy.0 = Debug|iPhone
		{859608E0-FE57-4BF7-80A6-D44D18581CFC}.Debug|x86.ActiveCfg = Debug|iPhone
		{859608E0-FE57-4BF7-80A6-D44D18581CFC}.Debug|x86.Build.0 = Debug|iPhone
		{859608E0-FE57-4BF7-80A6-D44D18581CFC}.Debug|x86.Deploy.0 = Debug|iPhone
		{859608E0-FE57-4BF7-80A6-D44D18581CFC}.Release|Any CPU.ActiveCfg = Release|iPhone
		{859608E0-FE57-4BF7-80A6-D44D18581CFC}.Release|Any CPU.Build.0 = Release|iPhone
		{859608E0-FE57-4BF7-80A6-D44D18581CFC}.Release|Any CPU.Deploy.0 = Release|iPhone
		{859608E0-FE57-4BF7-80A6-D44D18581CFC}.Release|ARM.ActiveCfg = Release|iPhone
		{859608E0-FE57-4BF7-80A6-D44D18581CFC}.Release|ARM.Build.0 = Release|iPhone
		{859608E0-FE57-4BF7-80A6-D44D18581CFC}.Release|ARM.Deploy.0 = Release|iPhone
		{859608E0-FE57-4BF7-80A6-D44D18581CFC}.Release|iPhone.ActiveCfg = Release|iPhone
		{859608E0-FE57-4BF7-80A6-D44D18581CFC}.Release|iPhone.Build.0 = Release|iPhone
		{859608E0-FE57-4BF7-80A6-D44D18581CFC}.Release|iPhone.Deploy.0 = Release|iPhone
		{859608E0-FE57-4BF7-80A6-D44D18581CFC}.Release|iPhoneSimulator.ActiveCfg = Release|iPhoneSimulator
		{859608E0-FE57-4BF7-80A6-D44D18581CFC}.Release|iPhoneSimulator.Build.0 = Release|iPhoneSimulator
		{859608E0-FE57-4BF7-80A6-D44D18581CFC}.Release|iPhoneSimulator.Deploy.0 = Release|iPhoneSimulator
		{859608E0-FE57-4BF7-80A6-D44D18581CFC}.Release|x64.ActiveCfg = Release|iPhone
		{859608E0-FE57-4BF7-80A6-D44D18581CFC}.Release|x64.Build.0 = Release|iPhone
		{859608E0-FE57-4BF7-80A6-D44D18581CFC}.Release|x64.Deploy.0 = Release|iPhone
		{859608E0-FE57-4BF7-80A6-D44D18581CFC}.Release|x86.ActiveCfg = Release|iPhone
		{859608E0-FE57-4BF7-80A6-D44D18581CFC}.Release|x86.Build.0 = Release|iPhone
		{859608E0-FE57-4BF7-80A6-D44D18581CFC}.Release|x86.Deploy.0 = Release|iPhone
		{D7E48DB6-316A-42AC-896D-7EF66DDF152B}.Ad-Hoc|Any CPU.ActiveCfg = Debug|Any CPU
		{D7E48DB6-316A-42AC-896D-7EF66DDF152B}.Ad-Hoc|Any CPU.Build.0 = Debug|Any CPU
		{D7E48DB6-316A-42AC-896D-7EF66DDF152B}.Ad-Hoc|Any CPU.Deploy.0 = Debug|Any CPU
		{D7E48DB6-316A-42AC-896D-7EF66DDF152B}.Ad-Hoc|ARM.ActiveCfg = Debug|Any CPU
		{D7E48DB6-316A-42AC-896D-7EF66DDF152B}.Ad-Hoc|ARM.Build.0 = Debug|Any CPU
		{D7E48DB6-316A-42AC-896D-7EF66DDF152B}.Ad-Hoc|ARM.Deploy.0 = Debug|Any CPU
		{D7E48DB6-316A-42AC-896D-7EF66DDF152B}.Ad-Hoc|iPhone.ActiveCfg = Debug|Any CPU
		{D7E48DB6-316A-42AC-896D-7EF66DDF152B}.Ad-Hoc|iPhone.Build.0 = Debug|Any CPU
		{D7E48DB6-316A-42AC-896D-7EF66DDF152B}.Ad-Hoc|iPhone.Deploy.0 = Debug|Any CPU
		{D7E48DB6-316A-42AC-896D-7EF66DDF152B}.Ad-Hoc|iPhoneSimulator.ActiveCfg = Debug|Any CPU
		{D7E48DB6-316A-42AC-896D-7EF66DDF152B}.Ad-Hoc|iPhoneSimulator.Build.0 = Debug|Any CPU
		{D7E48DB6-316A-42AC-896D-7EF66DDF152B}.Ad-Hoc|iPhoneSimulator.Deploy.0 = Debug|Any CPU
		{D7E48DB6-316A-42AC-896D-7EF66DDF152B}.Ad-Hoc|x64.ActiveCfg = Debug|Any CPU
		{D7E48DB6-316A-42AC-896D-7EF66DDF152B}.Ad-Hoc|x64.Build.0 = Debug|Any CPU
		{D7E48DB6-316A-42AC-896D-7EF66DDF152B}.Ad-Hoc|x64.Deploy.0 = Debug|Any CPU
		{D7E48DB6-316A-42AC-896D-7EF66DDF152B}.Ad-Hoc|x86.ActiveCfg = Debug|Any CPU
		{D7E48DB6-316A-42AC-896D-7EF66DDF152B}.Ad-Hoc|x86.Build.0 = Debug|Any CPU
		{D7E48DB6-316A-42AC-896D-7EF66DDF152B}.Ad-Hoc|x86.Deploy.0 = Debug|Any CPU
		{D7E48DB6-316A-42AC-896D-7EF66DDF152B}.AppStore|Any CPU.ActiveCfg = Debug|Any CPU
		{D7E48DB6-316A-42AC-896D-7EF66DDF152B}.AppStore|Any CPU.Build.0 = Debug|Any CPU
		{D7E48DB6-316A-42AC-896D-7EF66DDF152B}.AppStore|Any CPU.Deploy.0 = Debug|Any CPU
		{D7E48DB6-316A-42AC-896D-7EF66DDF152B}.AppStore|ARM.ActiveCfg = Debug|Any CPU
		{D7E48DB6-316A-42AC-896D-7EF66DDF152B}.AppStore|ARM.Build.0 = Debug|Any CPU
		{D7E48DB6-316A-42AC-896D-7EF66DDF152B}.AppStore|ARM.Deploy.0 = Debug|Any CPU
		{D7E48DB6-316A-42AC-896D-7EF66DDF152B}.AppStore|iPhone.ActiveCfg = Debug|Any CPU
		{D7E48DB6-316A-42AC-896D-7EF66DDF152B}.AppStore|iPhone.Build.0 = Debug|Any CPU
		{D7E48DB6-316A-42AC-896D-7EF66DDF152B}.AppStore|iPhone.Deploy.0 = Debug|Any CPU
		{D7E48DB6-316A-42AC-896D-7EF66DDF152B}.AppStore|iPhoneSimulator.ActiveCfg = Debug|Any CPU
		{D7E48DB6-316A-42AC-896D-7EF66DDF152B}.AppStore|iPhoneSimulator.Build.0 = Debug|Any CPU
		{D7E48DB6-316A-42AC-896D-7EF66DDF152B}.AppStore|iPhoneSimulator.Deploy.0 = Debug|Any CPU
		{D7E48DB6-316A-42AC-896D-7EF66DDF152B}.AppStore|x64.ActiveCfg = Debug|Any CPU
		{D7E48DB6-316A-42AC-896D-7EF66DDF152B}.AppStore|x64.Build.0 = Debug|Any CPU
		{D7E48DB6-316A-42AC-896D-7EF66DDF152B}.AppStore|x64.Deploy.0 = Debug|Any CPU
		{D7E48DB6-316A-42AC-896D-7EF66DDF152B}.AppStore|x86.ActiveCfg = Debug|Any CPU
		{D7E48DB6-316A-42AC-896D-7EF66DDF152B}.AppStore|x86.Build.0 = Debug|Any CPU
		{D7E48DB6-316A-42AC-896D-7EF66DDF152B}.AppStore|x86.Deploy.0 = Debug|Any CPU
		{D7E48DB6-316A-42AC-896D-7EF66DDF152B}.Debug|Any CPU.ActiveCfg = Debug|Any CPU
		{D7E48DB6-316A-42AC-896D-7EF66DDF152B}.Debug|Any CPU.Build.0 = Debug|Any CPU
		{D7E48DB6-316A-42AC-896D-7EF66DDF152B}.Debug|Any CPU.Deploy.0 = Debug|Any CPU
		{D7E48DB6-316A-42AC-896D-7EF66DDF152B}.Debug|ARM.ActiveCfg = Debug|Any CPU
		{D7E48DB6-316A-42AC-896D-7EF66DDF152B}.Debug|ARM.Build.0 = Debug|Any CPU
		{D7E48DB6-316A-42AC-896D-7EF66DDF152B}.Debug|ARM.Deploy.0 = Debug|Any CPU
		{D7E48DB6-316A-42AC-896D-7EF66DDF152B}.Debug|iPhone.ActiveCfg = Debug|Any CPU
		{D7E48DB6-316A-42AC-896D-7EF66DDF152B}.Debug|iPhone.Build.0 = Debug|Any CPU
		{D7E48DB6-316A-42AC-896D-7EF66DDF152B}.Debug|iPhone.Deploy.0 = Debug|Any CPU
		{D7E48DB6-316A-42AC-896D-7EF66DDF152B}.Debug|iPhoneSimulator.ActiveCfg = Debug|Any CPU
		{D7E48DB6-316A-42AC-896D-7EF66DDF152B}.Debug|iPhoneSimulator.Build.0 = Debug|Any CPU
		{D7E48DB6-316A-42AC-896D-7EF66DDF152B}.Debug|iPhoneSimulator.Deploy.0 = Debug|Any CPU
		{D7E48DB6-316A-42AC-896D-7EF66DDF152B}.Debug|x64.ActiveCfg = Debug|Any CPU
		{D7E48DB6-316A-42AC-896D-7EF66DDF152B}.Debug|x64.Build.0 = Debug|Any CPU
		{D7E48DB6-316A-42AC-896D-7EF66DDF152B}.Debug|x64.Deploy.0 = Debug|Any CPU
		{D7E48DB6-316A-42AC-896D-7EF66DDF152B}.Debug|x86.ActiveCfg = Debug|Any CPU
		{D7E48DB6-316A-42AC-896D-7EF66DDF152B}.Debug|x86.Build.0 = Debug|Any CPU
		{D7E48DB6-316A-42AC-896D-7EF66DDF152B}.Debug|x86.Deploy.0 = Debug|Any CPU
		{D7E48DB6-316A-42AC-896D-7EF66DDF152B}.Release|Any CPU.ActiveCfg = Release|Any CPU
		{D7E48DB6-316A-42AC-896D-7EF66DDF152B}.Release|Any CPU.Build.0 = Release|Any CPU
		{D7E48DB6-316A-42AC-896D-7EF66DDF152B}.Release|Any CPU.Deploy.0 = Release|Any CPU
		{D7E48DB6-316A-42AC-896D-7EF66DDF152B}.Release|ARM.ActiveCfg = Release|Any CPU
		{D7E48DB6-316A-42AC-896D-7EF66DDF152B}.Release|ARM.Build.0 = Release|Any CPU
		{D7E48DB6-316A-42AC-896D-7EF66DDF152B}.Release|ARM.Deploy.0 = Release|Any CPU
		{D7E48DB6-316A-42AC-896D-7EF66DDF152B}.Release|iPhone.ActiveCfg = Release|Any CPU
		{D7E48DB6-316A-42AC-896D-7EF66DDF152B}.Release|iPhone.Build.0 = Release|Any CPU
		{D7E48DB6-316A-42AC-896D-7EF66DDF152B}.Release|iPhone.Deploy.0 = Release|Any CPU
		{D7E48DB6-316A-42AC-896D-7EF66DDF152B}.Release|iPhoneSimulator.ActiveCfg = Release|Any CPU
		{D7E48DB6-316A-42AC-896D-7EF66DDF152B}.Release|iPhoneSimulator.Build.0 = Release|Any CPU
		{D7E48DB6-316A-42AC-896D-7EF66DDF152B}.Release|iPhoneSimulator.Deploy.0 = Release|Any CPU
		{D7E48DB6-316A-42AC-896D-7EF66DDF152B}.Release|x64.ActiveCfg = Release|Any CPU
		{D7E48DB6-316A-42AC-896D-7EF66DDF152B}.Release|x64.Build.0 = Release|Any CPU
		{D7E48DB6-316A-42AC-896D-7EF66DDF152B}.Release|x64.Deploy.0 = Release|Any CPU
		{D7E48DB6-316A-42AC-896D-7EF66DDF152B}.Release|x86.ActiveCfg = Release|Any CPU
		{D7E48DB6-316A-42AC-896D-7EF66DDF152B}.Release|x86.Build.0 = Release|Any CPU
		{D7E48DB6-316A-42AC-896D-7EF66DDF152B}.Release|x86.Deploy.0 = Release|Any CPU
	EndGlobalSection
	GlobalSection(SolutionProperties) = preSolution
		HideSolutionNode = FALSE
	EndGlobalSection
	GlobalSection(ExtensibilityGlobals) = postSolution
		SolutionGuid = {91C9EAFA-9A6D-478E-877E-2518055D5F11}
	EndGlobalSection
EndGlobal
